// !$*UTF8*$!
{
	archiveVersion = 1;
	classes = {
	};
	objectVersion = 46;
	objects = {

/* Begin PBXBuildFile section */
		0234361F16FDFA4100B0D7AE /* RootFolder.m in Sources */ = {isa = PBXBuildFile; fileRef = 028DA2D616FD826F00E2E5D9 /* RootFolder.m */; };
		0234362116FDFA4900B0D7AE /* File.m in Sources */ = {isa = PBXBuildFile; fileRef = 025B52AD16F86C8700C20559 /* File.m */; };
		025B52AE16F86C8700C20559 /* File.m in Sources */ = {isa = PBXBuildFile; fileRef = 025B52AD16F86C8700C20559 /* File.m */; };
		026AC54516FF06F7001E03E5 /* FileHelper.m in Sources */ = {isa = PBXBuildFile; fileRef = 026AC54416FF06F6001E03E5 /* FileHelper.m */; };
		026AC54616FF06F7001E03E5 /* FileHelper.m in Sources */ = {isa = PBXBuildFile; fileRef = 026AC54416FF06F6001E03E5 /* FileHelper.m */; };
		026AC54716FF104D001E03E5 /* Constants.m in Sources */ = {isa = PBXBuildFile; fileRef = 4CD06B7F16FDF61C00C9DED3 /* Constants.m */; };
		026BC4711705895500A9AA5F /* Dropbox.framework in Frameworks */ = {isa = PBXBuildFile; fileRef = 026BC4701705895500A9AA5F /* Dropbox.framework */; };
		026BC473170589A700A9AA5F /* CFNetwork.framework in Frameworks */ = {isa = PBXBuildFile; fileRef = 026BC472170589A700A9AA5F /* CFNetwork.framework */; };
		026BC475170589B000A9AA5F /* Security.framework in Frameworks */ = {isa = PBXBuildFile; fileRef = 026BC474170589B000A9AA5F /* Security.framework */; };
		026BC477170589BD00A9AA5F /* SystemConfiguration.framework in Frameworks */ = {isa = PBXBuildFile; fileRef = 026BC476170589BD00A9AA5F /* SystemConfiguration.framework */; };
		026BC479170589C600A9AA5F /* QuartzCore.framework in Frameworks */ = {isa = PBXBuildFile; fileRef = 026BC478170589C600A9AA5F /* QuartzCore.framework */; };
		028DA2D716FD827000E2E5D9 /* RootFolder.m in Sources */ = {isa = PBXBuildFile; fileRef = 028DA2D616FD826F00E2E5D9 /* RootFolder.m */; };
		02B04FCA1701672700FE51CB /* GameObject.h in Resources */ = {isa = PBXBuildFile; fileRef = 02B04FC91701608C00FE51CB /* GameObject.h */; };
		02BF74DF1706C14800397605 /* DropBoxFolder.m in Sources */ = {isa = PBXBuildFile; fileRef = 02BF74DE1706C14800397605 /* DropBoxFolder.m */; };
		02E51AE017092D4300247AF5 /* LocalFolder.m in Sources */ = {isa = PBXBuildFile; fileRef = 02E51ADF17092D4300247AF5 /* LocalFolder.m */; };
		02E51AE417093C8B00247AF5 /* LocalFile.m in Sources */ = {isa = PBXBuildFile; fileRef = 02E51AE317093C8B00247AF5 /* LocalFile.m */; };
		02E51AE71709438900247AF5 /* LocalRootFolder.m in Sources */ = {isa = PBXBuildFile; fileRef = 02E51AE61709438900247AF5 /* LocalRootFolder.m */; };
		4C12D0721705CA7800F4593B /* ArcAttributedString.m in Sources */ = {isa = PBXBuildFile; fileRef = 4C12D0711705CA7800F4593B /* ArcAttributedString.m */; };
		4C12D0781706074600F4593B /* CodeView.m in Sources */ = {isa = PBXBuildFile; fileRef = 4C12D0771706074600F4593B /* CodeView.m */; };
		4C43F8ED16F86AA900159B29 /* UIKit.framework in Frameworks */ = {isa = PBXBuildFile; fileRef = 4C43F8EC16F86AA900159B29 /* UIKit.framework */; };
		4C43F8EF16F86AA900159B29 /* Foundation.framework in Frameworks */ = {isa = PBXBuildFile; fileRef = 4C43F8EE16F86AA900159B29 /* Foundation.framework */; };
		4C43F8F116F86AA900159B29 /* CoreGraphics.framework in Frameworks */ = {isa = PBXBuildFile; fileRef = 4C43F8F016F86AA900159B29 /* CoreGraphics.framework */; };
		4C43F8F316F86AA900159B29 /* CoreData.framework in Frameworks */ = {isa = PBXBuildFile; fileRef = 4C43F8F216F86AA900159B29 /* CoreData.framework */; };
		4C43F8FB16F86AA900159B29 /* main.m in Sources */ = {isa = PBXBuildFile; fileRef = 4C43F8FA16F86AA900159B29 /* main.m */; };
		4C43F8FF16F86AA900159B29 /* AppDelegate.m in Sources */ = {isa = PBXBuildFile; fileRef = 4C43F8FE16F86AA900159B29 /* AppDelegate.m */; };
		4C43F90116F86AA900159B29 /* Default.png in Resources */ = {isa = PBXBuildFile; fileRef = 4C43F90016F86AA900159B29 /* Default.png */; };
		4C43F90316F86AA900159B29 /* Default@2x.png in Resources */ = {isa = PBXBuildFile; fileRef = 4C43F90216F86AA900159B29 /* Default@2x.png */; };
		4C43F90516F86AA900159B29 /* Default-568h@2x.png in Resources */ = {isa = PBXBuildFile; fileRef = 4C43F90416F86AA900159B29 /* Default-568h@2x.png */; };
		4C43F90816F86AA900159B29 /* arc.xcdatamodeld in Sources */ = {isa = PBXBuildFile; fileRef = 4C43F90616F86AA900159B29 /* arc.xcdatamodeld */; };
		4C45551A17017005001C6F1D /* BasicStyles.m in Sources */ = {isa = PBXBuildFile; fileRef = 4C45551917017005001C6F1D /* BasicStyles.m */; };
		4CD06B6C16FDEEC100C9DED3 /* SenTestingKit.framework in Frameworks */ = {isa = PBXBuildFile; fileRef = 4CD06B3B16FDEDA600C9DED3 /* SenTestingKit.framework */; };
		4CD06B6D16FDEEC100C9DED3 /* UIKit.framework in Frameworks */ = {isa = PBXBuildFile; fileRef = 4C43F8EC16F86AA900159B29 /* UIKit.framework */; };
		4CD06B6E16FDEEC100C9DED3 /* Foundation.framework in Frameworks */ = {isa = PBXBuildFile; fileRef = 4C43F8EE16F86AA900159B29 /* Foundation.framework */; };
		4CD06B7416FDEEC100C9DED3 /* InfoPlist.strings in Resources */ = {isa = PBXBuildFile; fileRef = 4CD06B7216FDEEC100C9DED3 /* InfoPlist.strings */; };
		4CD06B7716FDEEC100C9DED3 /* arcTests.m in Sources */ = {isa = PBXBuildFile; fileRef = 4CD06B7616FDEEC100C9DED3 /* arcTests.m */; };
		4CD06B8016FDF61C00C9DED3 /* Constants.m in Sources */ = {isa = PBXBuildFile; fileRef = 4CD06B7F16FDF61C00C9DED3 /* Constants.m */; };
		4CD06B8616FE0FE600C9DED3 /* CoreText.framework in Frameworks */ = {isa = PBXBuildFile; fileRef = 4CD06B8416FE0FC900C9DED3 /* CoreText.framework */; };
		4CD06B8A16FE125100C9DED3 /* CoreTextUIView.m in Sources */ = {isa = PBXBuildFile; fileRef = 4CD06B8916FE125100C9DED3 /* CoreTextUIView.m */; };
		4CD06B8F16FE1A4800C9DED3 /* SourceCodePro-Regular.ttf in Resources */ = {isa = PBXBuildFile; fileRef = 4CD06B8E16FE1A4800C9DED3 /* SourceCodePro-Regular.ttf */; };
		4CF6F0EE1706E08800EDDEDC /* file.png in Resources */ = {isa = PBXBuildFile; fileRef = 4CF6F0ED1706E08800EDDEDC /* file.png */; };
		4CF6F0F21706E29300EDDEDC /* folder.png in Resources */ = {isa = PBXBuildFile; fileRef = 4CF6F0F11706E29300EDDEDC /* folder.png */; };
		4CF6F0F51706F2F000EDDEDC /* SettingsViewController.m in Sources */ = {isa = PBXBuildFile; fileRef = 4CF6F0F41706F2F000EDDEDC /* SettingsViewController.m */; };
		8F151051170443AC00115E5E /* home.html in Resources */ = {isa = PBXBuildFile; fileRef = 8F151050170443AC00115E5E /* home.html */; };
		8F1510B91704483500115E5E /* test-myobfuscate-input.js in Sources */ = {isa = PBXBuildFile; fileRef = 8F1510841704483500115E5E /* test-myobfuscate-input.js */; };
		8F1510BA1704483500115E5E /* test-myobfuscate-output.js in Sources */ = {isa = PBXBuildFile; fileRef = 8F1510851704483500115E5E /* test-myobfuscate-output.js */; };
		8F1510BB1704483500115E5E /* test-packer-62-input.js in Sources */ = {isa = PBXBuildFile; fileRef = 8F1510861704483500115E5E /* test-packer-62-input.js */; };
		8F1510BC1704483500115E5E /* test-packer-non62-input.js in Sources */ = {isa = PBXBuildFile; fileRef = 8F1510871704483500115E5E /* test-packer-non62-input.js */; };
		8F1510C31704483500115E5E /* JavaScript.plist in Resources */ = {isa = PBXBuildFile; fileRef = 8F15108F1704483500115E5E /* JavaScript.plist */; };
		8F1510C41704483500115E5E /* Regular Expressions (JavaScript).tmLanguage in Resources */ = {isa = PBXBuildFile; fileRef = 8F1510901704483500115E5E /* Regular Expressions (JavaScript).tmLanguage */; };
		8F1510C617044A4C00115E5E /* Solarized (light).tmTheme in Resources */ = {isa = PBXBuildFile; fileRef = 8F1510C517044A4C00115E5E /* Solarized (light).tmTheme */; };
		8F1510C9170468B100115E5E /* TMBundleThemeHandler.m in Sources */ = {isa = PBXBuildFile; fileRef = 8F1510C8170468B100115E5E /* TMBundleThemeHandler.m */; };
		8F1510CC1704697900115E5E /* TMBundleGrammar.m in Sources */ = {isa = PBXBuildFile; fileRef = 8F1510CB1704697900115E5E /* TMBundleGrammar.m */; };
		8F2F5B8117061435005AD37F /* nav_gmaps_sample.js in Sources */ = {isa = PBXBuildFile; fileRef = 8F2F5B8017061435005AD37F /* nav_gmaps_sample.js */; };
		8F2F5B8217061445005AD37F /* nav_gmaps_sample.js in Resources */ = {isa = PBXBuildFile; fileRef = 8F2F5B8017061435005AD37F /* nav_gmaps_sample.js */; };
		8F563F35170161C900EE5643 /* TMBundleSyntaxParser.m in Sources */ = {isa = PBXBuildFile; fileRef = 8F563F34170161C900EE5643 /* TMBundleSyntaxParser.m */; };
		8F563F361701682500EE5643 /* HTML.plist in Resources */ = {isa = PBXBuildFile; fileRef = 8F563EB7170160CD00EE5643 /* HTML.plist */; };
		8F5C5C1616FDFDBE00B31A19 /* Utils.m in Sources */ = {isa = PBXBuildFile; fileRef = 8F5C5C1416FDFDBE00B31A19 /* Utils.m */; };
		8F5C5C1916FDFED300B31A19 /* Find.m in Sources */ = {isa = PBXBuildFile; fileRef = 8F5C5C1816FDFED300B31A19 /* Find.m */; };
		8FCA1D6916F86C7000C6AAFC /* MainViewController.m in Sources */ = {isa = PBXBuildFile; fileRef = 8FCA1D6816F86C7000C6AAFC /* MainViewController.m */; };
		8FCA1D6D16F89BF000C6AAFC /* ApplicationState.m in Sources */ = {isa = PBXBuildFile; fileRef = 8FCA1D6C16F89BF000C6AAFC /* ApplicationState.m */; };
		8FCA1D7016F8A36200C6AAFC /* CodeViewController.m in Sources */ = {isa = PBXBuildFile; fileRef = 8FCA1D6F16F8A36200C6AAFC /* CodeViewController.m */; };
		FC4B269E16F88CB800E1DC49 /* FileNavigationViewController.m in Sources */ = {isa = PBXBuildFile; fileRef = FC4B269D16F88CB800E1DC49 /* FileNavigationViewController.m */; };
		FC4B26CE16FF6E3800E1DC49 /* LeftViewController.m in Sources */ = {isa = PBXBuildFile; fileRef = FC4B26CD16FF6E3700E1DC49 /* LeftViewController.m */; };
		FCB0548017034DE6007832D7 /* README.md in Resources */ = {isa = PBXBuildFile; fileRef = FCB0547F17034DE6007832D7 /* README.md */; };
		FCB0548417036010007832D7 /* SyntaxHighlight.m in Sources */ = {isa = PBXBuildFile; fileRef = FCB0548317036010007832D7 /* SyntaxHighlight.m */; };
/* End PBXBuildFile section */

/* Begin PBXContainerItemProxy section */
		0234361C16FDFA0700B0D7AE /* PBXContainerItemProxy */ = {
			isa = PBXContainerItemProxy;
			containerPortal = 4C43F8E116F86AA800159B29 /* Project object */;
			proxyType = 1;
			remoteGlobalIDString = 4C43F8E816F86AA900159B29;
			remoteInfo = arc;
		};
/* End PBXContainerItemProxy section */

/* Begin PBXFileReference section */
		025ABF5F16FAF2BD00DD54C6 /* CoreFoundation.framework */ = {isa = PBXFileReference; lastKnownFileType = wrapper.framework; name = CoreFoundation.framework; path = System/Library/Frameworks/CoreFoundation.framework; sourceTree = SDKROOT; };
		025B52AD16F86C8700C20559 /* File.m */ = {isa = PBXFileReference; fileEncoding = 4; lastKnownFileType = sourcecode.c.objc; path = File.m; sourceTree = "<group>"; };
		0260B50A1709286E0091B012 /* Folder.h */ = {isa = PBXFileReference; fileEncoding = 4; lastKnownFileType = sourcecode.c.h; name = Folder.h; path = Protocols/Folder.h; sourceTree = "<group>"; };
		0260B50B170928820091B012 /* FileSystemObject.h */ = {isa = PBXFileReference; fileEncoding = 4; lastKnownFileType = sourcecode.c.h; name = FileSystemObject.h; path = Protocols/FileSystemObject.h; sourceTree = "<group>"; };
		026AC54316FF06F6001E03E5 /* FileHelper.h */ = {isa = PBXFileReference; fileEncoding = 4; lastKnownFileType = sourcecode.c.h; path = FileHelper.h; sourceTree = "<group>"; };
		026AC54416FF06F6001E03E5 /* FileHelper.m */ = {isa = PBXFileReference; fileEncoding = 4; lastKnownFileType = sourcecode.c.objc; path = FileHelper.m; sourceTree = "<group>"; };
		026BC4701705895500A9AA5F /* Dropbox.framework */ = {isa = PBXFileReference; lastKnownFileType = wrapper.framework; name = Dropbox.framework; path = arc/Dropbox.framework; sourceTree = "<group>"; };
		026BC472170589A700A9AA5F /* CFNetwork.framework */ = {isa = PBXFileReference; lastKnownFileType = wrapper.framework; name = CFNetwork.framework; path = System/Library/Frameworks/CFNetwork.framework; sourceTree = SDKROOT; };
		026BC474170589B000A9AA5F /* Security.framework */ = {isa = PBXFileReference; lastKnownFileType = wrapper.framework; name = Security.framework; path = System/Library/Frameworks/Security.framework; sourceTree = SDKROOT; };
		026BC476170589BD00A9AA5F /* SystemConfiguration.framework */ = {isa = PBXFileReference; lastKnownFileType = wrapper.framework; name = SystemConfiguration.framework; path = System/Library/Frameworks/SystemConfiguration.framework; sourceTree = SDKROOT; };
		026BC478170589C600A9AA5F /* QuartzCore.framework */ = {isa = PBXFileReference; lastKnownFileType = wrapper.framework; name = QuartzCore.framework; path = System/Library/Frameworks/QuartzCore.framework; sourceTree = SDKROOT; };
		028DA2D516FD826F00E2E5D9 /* RootFolder.h */ = {isa = PBXFileReference; fileEncoding = 4; lastKnownFileType = sourcecode.c.h; path = RootFolder.h; sourceTree = "<group>"; };
		028DA2D616FD826F00E2E5D9 /* RootFolder.m */ = {isa = PBXFileReference; fileEncoding = 4; lastKnownFileType = sourcecode.c.objc; path = RootFolder.m; sourceTree = "<group>"; };
		02B04FC91701608C00FE51CB /* GameObject.h */ = {isa = PBXFileReference; fileEncoding = 4; lastKnownFileType = sourcecode.c.h; path = GameObject.h; sourceTree = "<group>"; };
		02BF74DD1706C14700397605 /* DropBoxFolder.h */ = {isa = PBXFileReference; fileEncoding = 4; lastKnownFileType = sourcecode.c.h; path = DropBoxFolder.h; sourceTree = "<group>"; };
		02BF74DE1706C14800397605 /* DropBoxFolder.m */ = {isa = PBXFileReference; fileEncoding = 4; lastKnownFileType = sourcecode.c.objc; path = DropBoxFolder.m; sourceTree = "<group>"; };
		02E51ADE17092D4300247AF5 /* LocalFolder.h */ = {isa = PBXFileReference; fileEncoding = 4; lastKnownFileType = sourcecode.c.h; path = LocalFolder.h; sourceTree = "<group>"; };
		02E51ADF17092D4300247AF5 /* LocalFolder.m */ = {isa = PBXFileReference; fileEncoding = 4; lastKnownFileType = sourcecode.c.objc; path = LocalFolder.m; sourceTree = "<group>"; };
		02E51AE117092FCE00247AF5 /* File.h */ = {isa = PBXFileReference; fileEncoding = 4; lastKnownFileType = sourcecode.c.h; name = File.h; path = Protocols/File.h; sourceTree = "<group>"; };
		02E51AE217093C8B00247AF5 /* LocalFile.h */ = {isa = PBXFileReference; fileEncoding = 4; lastKnownFileType = sourcecode.c.h; path = LocalFile.h; sourceTree = "<group>"; };
		02E51AE317093C8B00247AF5 /* LocalFile.m */ = {isa = PBXFileReference; fileEncoding = 4; lastKnownFileType = sourcecode.c.objc; path = LocalFile.m; sourceTree = "<group>"; };
		02E51AE51709438800247AF5 /* LocalRootFolder.h */ = {isa = PBXFileReference; fileEncoding = 4; lastKnownFileType = sourcecode.c.h; path = LocalRootFolder.h; sourceTree = "<group>"; };
		02E51AE61709438900247AF5 /* LocalRootFolder.m */ = {isa = PBXFileReference; fileEncoding = 4; lastKnownFileType = sourcecode.c.objc; path = LocalRootFolder.m; sourceTree = "<group>"; };
		4C12D0701705CA7800F4593B /* ArcAttributedString.h */ = {isa = PBXFileReference; fileEncoding = 4; lastKnownFileType = sourcecode.c.h; path = ArcAttributedString.h; sourceTree = "<group>"; };
		4C12D0711705CA7800F4593B /* ArcAttributedString.m */ = {isa = PBXFileReference; fileEncoding = 4; lastKnownFileType = sourcecode.c.objc; path = ArcAttributedString.m; sourceTree = "<group>"; };
		4C12D0761706074600F4593B /* CodeView.h */ = {isa = PBXFileReference; fileEncoding = 4; lastKnownFileType = sourcecode.c.h; path = CodeView.h; sourceTree = "<group>"; };
		4C12D0771706074600F4593B /* CodeView.m */ = {isa = PBXFileReference; fileEncoding = 4; lastKnownFileType = sourcecode.c.objc; path = CodeView.m; sourceTree = "<group>"; };
		4C43F8E916F86AA900159B29 /* arc.app */ = {isa = PBXFileReference; explicitFileType = wrapper.application; includeInIndex = 0; path = arc.app; sourceTree = BUILT_PRODUCTS_DIR; };
		4C43F8EC16F86AA900159B29 /* UIKit.framework */ = {isa = PBXFileReference; lastKnownFileType = wrapper.framework; name = UIKit.framework; path = System/Library/Frameworks/UIKit.framework; sourceTree = SDKROOT; };
		4C43F8EE16F86AA900159B29 /* Foundation.framework */ = {isa = PBXFileReference; lastKnownFileType = wrapper.framework; name = Foundation.framework; path = System/Library/Frameworks/Foundation.framework; sourceTree = SDKROOT; };
		4C43F8F016F86AA900159B29 /* CoreGraphics.framework */ = {isa = PBXFileReference; lastKnownFileType = wrapper.framework; name = CoreGraphics.framework; path = System/Library/Frameworks/CoreGraphics.framework; sourceTree = SDKROOT; };
		4C43F8F216F86AA900159B29 /* CoreData.framework */ = {isa = PBXFileReference; lastKnownFileType = wrapper.framework; name = CoreData.framework; path = System/Library/Frameworks/CoreData.framework; sourceTree = SDKROOT; };
		4C43F8F616F86AA900159B29 /* arc-Info.plist */ = {isa = PBXFileReference; lastKnownFileType = text.plist.xml; path = "arc-Info.plist"; sourceTree = "<group>"; };
		4C43F8F816F86AA900159B29 /* en */ = {isa = PBXFileReference; lastKnownFileType = text.plist.strings; name = en; path = en.lproj/InfoPlist.strings; sourceTree = "<group>"; };
		4C43F8FA16F86AA900159B29 /* main.m */ = {isa = PBXFileReference; lastKnownFileType = sourcecode.c.objc; path = main.m; sourceTree = "<group>"; };
		4C43F8FC16F86AA900159B29 /* arc-Prefix.pch */ = {isa = PBXFileReference; lastKnownFileType = sourcecode.c.h; path = "arc-Prefix.pch"; sourceTree = "<group>"; };
		4C43F8FD16F86AA900159B29 /* AppDelegate.h */ = {isa = PBXFileReference; lastKnownFileType = sourcecode.c.h; path = AppDelegate.h; sourceTree = "<group>"; };
		4C43F8FE16F86AA900159B29 /* AppDelegate.m */ = {isa = PBXFileReference; lastKnownFileType = sourcecode.c.objc; path = AppDelegate.m; sourceTree = "<group>"; };
		4C43F90016F86AA900159B29 /* Default.png */ = {isa = PBXFileReference; lastKnownFileType = image.png; path = Default.png; sourceTree = "<group>"; };
		4C43F90216F86AA900159B29 /* Default@2x.png */ = {isa = PBXFileReference; lastKnownFileType = image.png; path = "Default@2x.png"; sourceTree = "<group>"; };
		4C43F90416F86AA900159B29 /* Default-568h@2x.png */ = {isa = PBXFileReference; lastKnownFileType = image.png; path = "Default-568h@2x.png"; sourceTree = "<group>"; };
		4C43F90716F86AA900159B29 /* arc.xcdatamodel */ = {isa = PBXFileReference; lastKnownFileType = wrapper.xcdatamodel; path = arc.xcdatamodel; sourceTree = "<group>"; };
		4C45551717016F93001C6F1D /* CodeViewMiddleware.h */ = {isa = PBXFileReference; fileEncoding = 4; lastKnownFileType = sourcecode.c.h; path = CodeViewMiddleware.h; sourceTree = "<group>"; };
		4C45551817017005001C6F1D /* BasicStyles.h */ = {isa = PBXFileReference; fileEncoding = 4; lastKnownFileType = sourcecode.c.h; path = BasicStyles.h; sourceTree = "<group>"; };
		4C45551917017005001C6F1D /* BasicStyles.m */ = {isa = PBXFileReference; fileEncoding = 4; lastKnownFileType = sourcecode.c.objc; path = BasicStyles.m; sourceTree = "<group>"; };
		4CD06B2C16FDE92D00C9DED3 /* SubViewController.h */ = {isa = PBXFileReference; fileEncoding = 4; lastKnownFileType = sourcecode.c.h; path = SubViewController.h; sourceTree = "<group>"; };
		4CD06B3B16FDEDA600C9DED3 /* SenTestingKit.framework */ = {isa = PBXFileReference; lastKnownFileType = wrapper.framework; name = SenTestingKit.framework; path = Library/Frameworks/SenTestingKit.framework; sourceTree = DEVELOPER_DIR; };
		4CD06B4016FDEDA600C9DED3 /* AppKit.framework */ = {isa = PBXFileReference; lastKnownFileType = wrapper.framework; name = AppKit.framework; path = Library/Frameworks/AppKit.framework; sourceTree = SDKROOT; };
		4CD06B4116FDEDA600C9DED3 /* CoreData.framework */ = {isa = PBXFileReference; lastKnownFileType = wrapper.framework; name = CoreData.framework; path = Library/Frameworks/CoreData.framework; sourceTree = SDKROOT; };
		4CD06B4216FDEDA600C9DED3 /* Foundation.framework */ = {isa = PBXFileReference; lastKnownFileType = wrapper.framework; name = Foundation.framework; path = Library/Frameworks/Foundation.framework; sourceTree = SDKROOT; };
		4CD06B6B16FDEEC100C9DED3 /* arcTests.octest */ = {isa = PBXFileReference; explicitFileType = wrapper.cfbundle; includeInIndex = 0; path = arcTests.octest; sourceTree = BUILT_PRODUCTS_DIR; };
		4CD06B7116FDEEC100C9DED3 /* arcTests-Info.plist */ = {isa = PBXFileReference; lastKnownFileType = text.plist.xml; path = "arcTests-Info.plist"; sourceTree = "<group>"; };
		4CD06B7316FDEEC100C9DED3 /* en */ = {isa = PBXFileReference; lastKnownFileType = text.plist.strings; name = en; path = en.lproj/InfoPlist.strings; sourceTree = "<group>"; };
		4CD06B7516FDEEC100C9DED3 /* arcTests.h */ = {isa = PBXFileReference; lastKnownFileType = sourcecode.c.h; path = arcTests.h; sourceTree = "<group>"; };
		4CD06B7616FDEEC100C9DED3 /* arcTests.m */ = {isa = PBXFileReference; lastKnownFileType = sourcecode.c.objc; path = arcTests.m; sourceTree = "<group>"; };
		4CD06B7816FDEEC100C9DED3 /* arcTests-Prefix.pch */ = {isa = PBXFileReference; lastKnownFileType = sourcecode.c.h; path = "arcTests-Prefix.pch"; sourceTree = "<group>"; };
		4CD06B7E16FDF61C00C9DED3 /* Constants.h */ = {isa = PBXFileReference; fileEncoding = 4; lastKnownFileType = sourcecode.c.h; name = Constants.h; path = General/Constants.h; sourceTree = "<group>"; };
		4CD06B7F16FDF61C00C9DED3 /* Constants.m */ = {isa = PBXFileReference; fileEncoding = 4; lastKnownFileType = sourcecode.c.objc; name = Constants.m; path = General/Constants.m; sourceTree = "<group>"; };
		4CD06B8416FE0FC900C9DED3 /* CoreText.framework */ = {isa = PBXFileReference; lastKnownFileType = wrapper.framework; name = CoreText.framework; path = System/Library/Frameworks/CoreText.framework; sourceTree = SDKROOT; };
		4CD06B8816FE125100C9DED3 /* CoreTextUIView.h */ = {isa = PBXFileReference; fileEncoding = 4; lastKnownFileType = sourcecode.c.h; path = CoreTextUIView.h; sourceTree = "<group>"; };
		4CD06B8916FE125100C9DED3 /* CoreTextUIView.m */ = {isa = PBXFileReference; fileEncoding = 4; lastKnownFileType = sourcecode.c.objc; path = CoreTextUIView.m; sourceTree = "<group>"; };
		4CD06B8E16FE1A4800C9DED3 /* SourceCodePro-Regular.ttf */ = {isa = PBXFileReference; lastKnownFileType = file; path = "SourceCodePro-Regular.ttf"; sourceTree = "<group>"; };
		4CF6F0ED1706E08800EDDEDC /* file.png */ = {isa = PBXFileReference; lastKnownFileType = image.png; path = file.png; sourceTree = "<group>"; };
		4CF6F0F11706E29300EDDEDC /* folder.png */ = {isa = PBXFileReference; lastKnownFileType = image.png; path = folder.png; sourceTree = "<group>"; };
		4CF6F0F31706F2F000EDDEDC /* SettingsViewController.h */ = {isa = PBXFileReference; fileEncoding = 4; lastKnownFileType = sourcecode.c.h; path = SettingsViewController.h; sourceTree = "<group>"; };
		4CF6F0F41706F2F000EDDEDC /* SettingsViewController.m */ = {isa = PBXFileReference; fileEncoding = 4; lastKnownFileType = sourcecode.c.objc; path = SettingsViewController.m; sourceTree = "<group>"; };
		8F15104F1704410000115E5E /* TMBundleHeader.h */ = {isa = PBXFileReference; fileEncoding = 4; lastKnownFileType = sourcecode.c.h; path = TMBundleHeader.h; sourceTree = "<group>"; };
		8F151050170443AC00115E5E /* home.html */ = {isa = PBXFileReference; fileEncoding = 4; lastKnownFileType = text.html; path = home.html; sourceTree = "<group>"; };
		8F1510541704483500115E5E /* Copy as Bookmarklet to Clipboard.tmCommand */ = {isa = PBXFileReference; fileEncoding = 4; lastKnownFileType = text.xml; path = "Copy as Bookmarklet to Clipboard.tmCommand"; sourceTree = "<group>"; };
		8F1510551704483500115E5E /* Documentation for Word.plist */ = {isa = PBXFileReference; fileEncoding = 4; lastKnownFileType = text.plist.xml; path = "Documentation for Word.plist"; sourceTree = "<group>"; };
		8F1510561704483500115E5E /* New Function.tmCommand */ = {isa = PBXFileReference; fileEncoding = 4; lastKnownFileType = text.xml; path = "New Function.tmCommand"; sourceTree = "<group>"; };
		8F1510571704483500115E5E /* New Method.tmCommand */ = {isa = PBXFileReference; fileEncoding = 4; lastKnownFileType = text.xml; path = "New Method.tmCommand"; sourceTree = "<group>"; };
		8F1510581704483500115E5E /* Reformat Document : Selection.tmCommand */ = {isa = PBXFileReference; fileEncoding = 4; lastKnownFileType = text.xml; path = "Reformat Document : Selection.tmCommand"; sourceTree = "<group>"; };
		8F1510591704483500115E5E /* info.plist */ = {isa = PBXFileReference; fileEncoding = 4; lastKnownFileType = text.plist.xml; path = info.plist; sourceTree = "<group>"; };
		8F15105B1704483500115E5E /* Comments.tmPreferences */ = {isa = PBXFileReference; fileEncoding = 4; lastKnownFileType = text.xml; path = Comments.tmPreferences; sourceTree = "<group>"; };
		8F15105C1704483500115E5E /* Folding.tmPreferences */ = {isa = PBXFileReference; fileEncoding = 4; lastKnownFileType = text.xml; path = Folding.tmPreferences; sourceTree = "<group>"; };
		8F15105D1704483500115E5E /* JavaScript Indent.tmPreferences */ = {isa = PBXFileReference; fileEncoding = 4; lastKnownFileType = text.xml; path = "JavaScript Indent.tmPreferences"; sourceTree = "<group>"; };
		8F15105E1704483500115E5E /* Symbol List Banned.tmPreferences */ = {isa = PBXFileReference; fileEncoding = 4; lastKnownFileType = text.xml; path = "Symbol List Banned.tmPreferences"; sourceTree = "<group>"; };
		8F15105F1704483500115E5E /* Symbol List Class.tmPreferences */ = {isa = PBXFileReference; fileEncoding = 4; lastKnownFileType = text.xml; path = "Symbol List Class.tmPreferences"; sourceTree = "<group>"; };
		8F1510601704483500115E5E /* Symbol List Instance.tmPreferences */ = {isa = PBXFileReference; fileEncoding = 4; lastKnownFileType = text.xml; path = "Symbol List Instance.tmPreferences"; sourceTree = "<group>"; };
		8F1510611704483500115E5E /* Symbol List Sub 1.tmPreferences */ = {isa = PBXFileReference; fileEncoding = 4; lastKnownFileType = text.xml; path = "Symbol List Sub 1.tmPreferences"; sourceTree = "<group>"; };
		8F1510621704483500115E5E /* Symbol List Sub 2.tmPreferences */ = {isa = PBXFileReference; fileEncoding = 4; lastKnownFileType = text.xml; path = "Symbol List Sub 2.tmPreferences"; sourceTree = "<group>"; };
		8F1510631704483500115E5E /* README.mdown */ = {isa = PBXFileReference; fileEncoding = 4; lastKnownFileType = text; path = README.mdown; sourceTree = "<group>"; };
		8F1510651704483500115E5E /* for (…) {…} (faster).tmSnippet */ = {isa = PBXFileReference; fileEncoding = 4; lastKnownFileType = text.xml; path = "for (…) {…} (faster).tmSnippet"; sourceTree = "<group>"; };
		8F1510661704483500115E5E /* for (…) {…}.tmSnippet */ = {isa = PBXFileReference; fileEncoding = 4; lastKnownFileType = text.xml; path = "for (…) {…}.tmSnippet"; sourceTree = "<group>"; };
		8F1510671704483500115E5E /* function (fun).plist */ = {isa = PBXFileReference; fileEncoding = 4; lastKnownFileType = text.plist.xml; path = "function (fun).plist"; sourceTree = "<group>"; };
		8F1510681704483500115E5E /* function.tmSnippet */ = {isa = PBXFileReference; fileEncoding = 4; lastKnownFileType = text.xml; path = function.tmSnippet; sourceTree = "<group>"; };
		8F1510691704483500115E5E /* Get Elements.tmSnippet */ = {isa = PBXFileReference; fileEncoding = 4; lastKnownFileType = text.xml; path = "Get Elements.tmSnippet"; sourceTree = "<group>"; };
		8F15106A1704483500115E5E /* if ___ else.tmSnippet */ = {isa = PBXFileReference; fileEncoding = 4; lastKnownFileType = text.xml; path = "if ___ else.tmSnippet"; sourceTree = "<group>"; };
		8F15106B1704483500115E5E /* if.tmSnippet */ = {isa = PBXFileReference; fileEncoding = 4; lastKnownFileType = text.xml; path = if.tmSnippet; sourceTree = "<group>"; };
		8F15106C1704483500115E5E /* Object key — key: "value".tmSnippet */ = {isa = PBXFileReference; fileEncoding = 4; lastKnownFileType = text.xml; path = "Object key — key: \"value\".tmSnippet"; sourceTree = "<group>"; };
		8F15106D1704483500115E5E /* Object Method String.tmSnippet */ = {isa = PBXFileReference; fileEncoding = 4; lastKnownFileType = text.xml; path = "Object Method String.tmSnippet"; sourceTree = "<group>"; };
		8F15106E1704483500115E5E /* Object Method.tmSnippet */ = {isa = PBXFileReference; fileEncoding = 4; lastKnownFileType = text.xml; path = "Object Method.tmSnippet"; sourceTree = "<group>"; };
		8F15106F1704483500115E5E /* Object Value JS.tmSnippet */ = {isa = PBXFileReference; fileEncoding = 4; lastKnownFileType = text.xml; path = "Object Value JS.tmSnippet"; sourceTree = "<group>"; };
		8F1510701704483500115E5E /* Prototype (proto).plist */ = {isa = PBXFileReference; fileEncoding = 4; lastKnownFileType = text.plist.xml; path = "Prototype (proto).plist"; sourceTree = "<group>"; };
		8F1510711704483500115E5E /* setTimeout function.tmSnippet */ = {isa = PBXFileReference; fileEncoding = 4; lastKnownFileType = text.xml; path = "setTimeout function.tmSnippet"; sourceTree = "<group>"; };
		8F1510731704483500115E5E /* dev_guru_index.gz */ = {isa = PBXFileReference; lastKnownFileType = archive.gzip; path = dev_guru_index.gz; sourceTree = "<group>"; };
		8F1510761704483500115E5E /* __init__.py */ = {isa = PBXFileReference; fileEncoding = 4; lastKnownFileType = text.script.python; path = __init__.py; sourceTree = "<group>"; };
		8F1510781704483500115E5E /* __init__.py */ = {isa = PBXFileReference; fileEncoding = 4; lastKnownFileType = text.script.python; path = __init__.py; sourceTree = "<group>"; };
		8F1510791704483500115E5E /* testindentation.py */ = {isa = PBXFileReference; fileEncoding = 4; lastKnownFileType = text.script.python; path = testindentation.py; sourceTree = "<group>"; };
		8F15107A1704483500115E5E /* testjsbeautifier.py */ = {isa = PBXFileReference; fileEncoding = 4; lastKnownFileType = text.script.python; path = testjsbeautifier.py; sourceTree = "<group>"; };
		8F15107C1704483500115E5E /* __init__.py */ = {isa = PBXFileReference; fileEncoding = 4; lastKnownFileType = text.script.python; path = __init__.py; sourceTree = "<group>"; };
		8F15107D1704483500115E5E /* evalbased.py */ = {isa = PBXFileReference; fileEncoding = 4; lastKnownFileType = text.script.python; path = evalbased.py; sourceTree = "<group>"; };
		8F15107E1704483500115E5E /* javascriptobfuscator.py */ = {isa = PBXFileReference; fileEncoding = 4; lastKnownFileType = text.script.python; path = javascriptobfuscator.py; sourceTree = "<group>"; };
		8F15107F1704483500115E5E /* myobfuscate.py */ = {isa = PBXFileReference; fileEncoding = 4; lastKnownFileType = text.script.python; path = myobfuscate.py; sourceTree = "<group>"; };
		8F1510801704483500115E5E /* packer.py */ = {isa = PBXFileReference; fileEncoding = 4; lastKnownFileType = text.script.python; path = packer.py; sourceTree = "<group>"; };
		8F1510811704483500115E5E /* README.specs.mkd */ = {isa = PBXFileReference; fileEncoding = 4; lastKnownFileType = text; path = README.specs.mkd; sourceTree = "<group>"; };
		8F1510831704483500115E5E /* __init__.py */ = {isa = PBXFileReference; fileEncoding = 4; lastKnownFileType = text.script.python; path = __init__.py; sourceTree = "<group>"; };
		8F1510841704483500115E5E /* test-myobfuscate-input.js */ = {isa = PBXFileReference; fileEncoding = 4; lastKnownFileType = sourcecode.javascript; path = "test-myobfuscate-input.js"; sourceTree = "<group>"; };
		8F1510851704483500115E5E /* test-myobfuscate-output.js */ = {isa = PBXFileReference; fileEncoding = 4; lastKnownFileType = sourcecode.javascript; path = "test-myobfuscate-output.js"; sourceTree = "<group>"; };
		8F1510861704483500115E5E /* test-packer-62-input.js */ = {isa = PBXFileReference; fileEncoding = 4; lastKnownFileType = sourcecode.javascript; path = "test-packer-62-input.js"; sourceTree = "<group>"; };
		8F1510871704483500115E5E /* test-packer-non62-input.js */ = {isa = PBXFileReference; fileEncoding = 4; lastKnownFileType = sourcecode.javascript; path = "test-packer-non62-input.js"; sourceTree = "<group>"; };
		8F1510881704483500115E5E /* testjavascriptobfuscator.py */ = {isa = PBXFileReference; fileEncoding = 4; lastKnownFileType = text.script.python; path = testjavascriptobfuscator.py; sourceTree = "<group>"; };
		8F1510891704483500115E5E /* testmyobfuscate.py */ = {isa = PBXFileReference; fileEncoding = 4; lastKnownFileType = text.script.python; path = testmyobfuscate.py; sourceTree = "<group>"; };
		8F15108A1704483500115E5E /* testpacker.py */ = {isa = PBXFileReference; fileEncoding = 4; lastKnownFileType = text.script.python; path = testpacker.py; sourceTree = "<group>"; };
		8F15108B1704483500115E5E /* testurlencode.py */ = {isa = PBXFileReference; fileEncoding = 4; lastKnownFileType = text.script.python; path = testurlencode.py; sourceTree = "<group>"; };
		8F15108C1704483500115E5E /* urlencode.py */ = {isa = PBXFileReference; fileEncoding = 4; lastKnownFileType = text.script.python; path = urlencode.py; sourceTree = "<group>"; };
		8F15108D1704483500115E5E /* jsbeautifier-license.txt */ = {isa = PBXFileReference; fileEncoding = 4; lastKnownFileType = text; path = "jsbeautifier-license.txt"; sourceTree = "<group>"; };
		8F15108F1704483500115E5E /* JavaScript.plist */ = {isa = PBXFileReference; fileEncoding = 4; lastKnownFileType = text.plist.xml; path = JavaScript.plist; sourceTree = "<group>"; };
		8F1510901704483500115E5E /* Regular Expressions (JavaScript).tmLanguage */ = {isa = PBXFileReference; fileEncoding = 4; lastKnownFileType = text.xml; path = "Regular Expressions (JavaScript).tmLanguage"; sourceTree = "<group>"; };
		8F1510C517044A4C00115E5E /* Solarized (light).tmTheme */ = {isa = PBXFileReference; fileEncoding = 4; lastKnownFileType = text.xml; path = "Solarized (light).tmTheme"; sourceTree = "<group>"; };
		8F1510C7170468B000115E5E /* TMBundleThemeHandler.h */ = {isa = PBXFileReference; fileEncoding = 4; lastKnownFileType = sourcecode.c.h; path = TMBundleThemeHandler.h; sourceTree = "<group>"; };
		8F1510C8170468B100115E5E /* TMBundleThemeHandler.m */ = {isa = PBXFileReference; fileEncoding = 4; lastKnownFileType = sourcecode.c.objc; path = TMBundleThemeHandler.m; sourceTree = "<group>"; };
		8F1510CA1704697900115E5E /* TMBundleGrammar.h */ = {isa = PBXFileReference; fileEncoding = 4; lastKnownFileType = sourcecode.c.h; path = TMBundleGrammar.h; sourceTree = "<group>"; };
		8F1510CB1704697900115E5E /* TMBundleGrammar.m */ = {isa = PBXFileReference; fileEncoding = 4; lastKnownFileType = sourcecode.c.objc; path = TMBundleGrammar.m; sourceTree = "<group>"; };
		8F2F5B8017061435005AD37F /* nav_gmaps_sample.js */ = {isa = PBXFileReference; fileEncoding = 4; lastKnownFileType = sourcecode.javascript; path = nav_gmaps_sample.js; sourceTree = "<group>"; };
		8F563E56170160CD00EE5643 /* About Persistent Includes.tmCommand */ = {isa = PBXFileReference; fileEncoding = 4; lastKnownFileType = text.xml; path = "About Persistent Includes.tmCommand"; sourceTree = "<group>"; };
		8F563E57170160CD00EE5643 /* CodeCompletion HTML Attributes.tmCommand */ = {isa = PBXFileReference; fileEncoding = 4; lastKnownFileType = text.xml; path = "CodeCompletion HTML Attributes.tmCommand"; sourceTree = "<group>"; };
		8F563E58170160CD00EE5643 /* CodeCompletion HTML Tags.tmCommand */ = {isa = PBXFileReference; fileEncoding = 4; lastKnownFileType = text.xml; path = "CodeCompletion HTML Tags.tmCommand"; sourceTree = "<group>"; };
		8F563E59170160CD00EE5643 /* Convert Line : Selection to URL Escapes.plist */ = {isa = PBXFileReference; fileEncoding = 4; lastKnownFileType = text.plist.xml; path = "Convert Line : Selection to URL Escapes.plist"; sourceTree = "<group>"; };
		8F563E5A170160CD00EE5643 /* Convert to HTML Entities.plist */ = {isa = PBXFileReference; fileEncoding = 4; lastKnownFileType = text.plist.xml; path = "Convert to HTML Entities.plist"; sourceTree = "<group>"; };
		8F563E5B170160CD00EE5643 /* Convert to named entities excl tags.plist */ = {isa = PBXFileReference; fileEncoding = 4; lastKnownFileType = text.plist.xml; path = "Convert to named entities excl tags.plist"; sourceTree = "<group>"; };
		8F563E5C170160CD00EE5643 /* Decode HTML Entities.plist */ = {isa = PBXFileReference; fileEncoding = 4; lastKnownFileType = text.plist.xml; path = "Decode HTML Entities.plist"; sourceTree = "<group>"; };
		8F563E5D170160CD00EE5643 /* Decode Numeric URL Escapes in Line : Selection.plist */ = {isa = PBXFileReference; fileEncoding = 4; lastKnownFileType = text.plist.xml; path = "Decode Numeric URL Escapes in Line : Selection.plist"; sourceTree = "<group>"; };
		8F563E5E170160CD00EE5643 /* Documentation for Tag.plist */ = {isa = PBXFileReference; fileEncoding = 4; lastKnownFileType = text.plist.xml; path = "Documentation for Tag.plist"; sourceTree = "<group>"; };
		8F563E5F170160CD00EE5643 /* Encrypt Line : Selection (ROT 13).tmCommand */ = {isa = PBXFileReference; fileEncoding = 4; lastKnownFileType = text.xml; path = "Encrypt Line : Selection (ROT 13).tmCommand"; sourceTree = "<group>"; };
		8F563E60170160CD00EE5643 /* Insert Close Tag.plist */ = {isa = PBXFileReference; fileEncoding = 4; lastKnownFileType = text.plist.xml; path = "Insert Close Tag.plist"; sourceTree = "<group>"; };
		8F563E61170160CD00EE5643 /* Insert Entity….plist */ = {isa = PBXFileReference; fileEncoding = 4; lastKnownFileType = text.plist.xml; path = "Insert Entity….plist"; sourceTree = "<group>"; };
		8F563E62170160CD00EE5643 /* Insert Tag Pair.plist */ = {isa = PBXFileReference; fileEncoding = 4; lastKnownFileType = text.plist.xml; path = "Insert Tag Pair.plist"; sourceTree = "<group>"; };
		8F563E63170160CD00EE5643 /* Persistent Include.tmCommand */ = {isa = PBXFileReference; fileEncoding = 4; lastKnownFileType = text.xml; path = "Persistent Include.tmCommand"; sourceTree = "<group>"; };
		8F563E64170160CD00EE5643 /* Preview in All Active Browsers.plist */ = {isa = PBXFileReference; fileEncoding = 4; lastKnownFileType = text.plist.xml; path = "Preview in All Active Browsers.plist"; sourceTree = "<group>"; };
		8F563E65170160CD00EE5643 /* Refresh All Active Browsers.plist */ = {isa = PBXFileReference; fileEncoding = 4; lastKnownFileType = text.plist.xml; path = "Refresh All Active Browsers.plist"; sourceTree = "<group>"; };
		8F563E66170160CD00EE5643 /* Show Web Preview.tmCommand */ = {isa = PBXFileReference; fileEncoding = 4; lastKnownFileType = text.xml; path = "Show Web Preview.tmCommand"; sourceTree = "<group>"; };
		8F563E67170160CD00EE5643 /* Strip HTML tags.plist */ = {isa = PBXFileReference; fileEncoding = 4; lastKnownFileType = text.plist.xml; path = "Strip HTML tags.plist"; sourceTree = "<group>"; };
		8F563E68170160CD00EE5643 /* Tidy.plist */ = {isa = PBXFileReference; fileEncoding = 4; lastKnownFileType = text.plist.xml; path = Tidy.plist; sourceTree = "<group>"; };
		8F563E69170160CD00EE5643 /* Update Includes.tmCommand */ = {isa = PBXFileReference; fileEncoding = 4; lastKnownFileType = text.xml; path = "Update Includes.tmCommand"; sourceTree = "<group>"; };
		8F563E6A170160CD00EE5643 /* Update Project.tmCommand */ = {isa = PBXFileReference; fileEncoding = 4; lastKnownFileType = text.xml; path = "Update Project.tmCommand"; sourceTree = "<group>"; };
		8F563E6B170160CD00EE5643 /* W3C validation.plist */ = {isa = PBXFileReference; fileEncoding = 4; lastKnownFileType = text.plist.xml; path = "W3C validation.plist"; sourceTree = "<group>"; };
		8F563E6C170160CD00EE5643 /* Wrap Each Selected Line in Open:Close Tag.plist */ = {isa = PBXFileReference; fileEncoding = 4; lastKnownFileType = text.plist.xml; path = "Wrap Each Selected Line in Open:Close Tag.plist"; sourceTree = "<group>"; };
		8F563E6E170160CD00EE5643 /* Anchor Tag.plist */ = {isa = PBXFileReference; fileEncoding = 4; lastKnownFileType = text.plist.xml; path = "Anchor Tag.plist"; sourceTree = "<group>"; };
		8F563E6F170160CD00EE5643 /* CSS Link.plist */ = {isa = PBXFileReference; fileEncoding = 4; lastKnownFileType = text.plist.xml; path = "CSS Link.plist"; sourceTree = "<group>"; };
		8F563E70170160CD00EE5643 /* Image Tag.plist */ = {isa = PBXFileReference; fileEncoding = 4; lastKnownFileType = text.plist.xml; path = "Image Tag.plist"; sourceTree = "<group>"; };
		8F563E71170160CD00EE5643 /* Insert Anchor href 2.tmDragCommand */ = {isa = PBXFileReference; fileEncoding = 4; lastKnownFileType = text.xml; path = "Insert Anchor href 2.tmDragCommand"; sourceTree = "<group>"; };
		8F563E72170160CD00EE5643 /* Insert Anchor href.tmDragCommand */ = {isa = PBXFileReference; fileEncoding = 4; lastKnownFileType = text.xml; path = "Insert Anchor href.tmDragCommand"; sourceTree = "<group>"; };
		8F563E73170160CD00EE5643 /* Insert Flash Movie (Swf).tmDragCommand */ = {isa = PBXFileReference; fileEncoding = 4; lastKnownFileType = text.xml; path = "Insert Flash Movie (Swf).tmDragCommand"; sourceTree = "<group>"; };
		8F563E74170160CD00EE5643 /* Insert JS Link.tmDragCommand */ = {isa = PBXFileReference; fileEncoding = 4; lastKnownFileType = text.xml; path = "Insert JS Link.tmDragCommand"; sourceTree = "<group>"; };
		8F563E75170160CD00EE5643 /* Insert QuickTime Movie.tmDragCommand */ = {isa = PBXFileReference; fileEncoding = 4; lastKnownFileType = text.xml; path = "Insert QuickTime Movie.tmDragCommand"; sourceTree = "<group>"; };
		8F563E76170160CD00EE5643 /* Insert URL.tmDragCommand */ = {isa = PBXFileReference; fileEncoding = 4; lastKnownFileType = text.xml; path = "Insert URL.tmDragCommand"; sourceTree = "<group>"; };
		8F563E77170160CD00EE5643 /* info.plist */ = {isa = PBXFileReference; fileEncoding = 4; lastKnownFileType = text.plist.xml; path = info.plist; sourceTree = "<group>"; };
		8F563E79170160CD00EE5643 /* Delete whitespace between tags.plist */ = {isa = PBXFileReference; fileEncoding = 4; lastKnownFileType = text.plist.xml; path = "Delete whitespace between tags.plist"; sourceTree = "<group>"; };
		8F563E7B170160CD00EE5643 /* Comments.plist */ = {isa = PBXFileReference; fileEncoding = 4; lastKnownFileType = text.plist.xml; path = Comments.plist; sourceTree = "<group>"; };
		8F563E7C170160CD00EE5643 /* Completions HTML Attributes.tmPreferences */ = {isa = PBXFileReference; fileEncoding = 4; lastKnownFileType = text.xml; path = "Completions HTML Attributes.tmPreferences"; sourceTree = "<group>"; };
		8F563E7D170160CD00EE5643 /* Empty tag typing pairs.plist */ = {isa = PBXFileReference; fileEncoding = 4; lastKnownFileType = text.plist.xml; path = "Empty tag typing pairs.plist"; sourceTree = "<group>"; };
		8F563E7E170160CD00EE5643 /* Folding.tmPreferences */ = {isa = PBXFileReference; fileEncoding = 4; lastKnownFileType = text.xml; path = Folding.tmPreferences; sourceTree = "<group>"; };
		8F563E7F170160CD00EE5643 /* Indent Corrections.tmPreferences */ = {isa = PBXFileReference; fileEncoding = 4; lastKnownFileType = text.xml; path = "Indent Corrections.tmPreferences"; sourceTree = "<group>"; };
		8F563E80170160CD00EE5643 /* Miscellaneous.plist */ = {isa = PBXFileReference; fileEncoding = 4; lastKnownFileType = text.plist.xml; path = Miscellaneous.plist; sourceTree = "<group>"; };
		8F563E81170160CD00EE5643 /* Symbol List: ID.plist */ = {isa = PBXFileReference; fileEncoding = 4; lastKnownFileType = text.plist.xml; path = "Symbol List: ID.plist"; sourceTree = "<group>"; };
		8F563E82170160CD00EE5643 /* Tag Completions.tmPreferences */ = {isa = PBXFileReference; fileEncoding = 4; lastKnownFileType = text.xml; path = "Tag Completions.tmPreferences"; sourceTree = "<group>"; };
		8F563E83170160CD00EE5643 /* Tag preferences.plist */ = {isa = PBXFileReference; fileEncoding = 4; lastKnownFileType = text.plist.xml; path = "Tag preferences.plist"; sourceTree = "<group>"; };
		8F563E84170160CD00EE5643 /* README.mdown */ = {isa = PBXFileReference; fileEncoding = 4; lastKnownFileType = text; path = README.mdown; sourceTree = "<group>"; };
		8F563E86170160CD00EE5643 /* DocType HTML 4.0 Strict.plist */ = {isa = PBXFileReference; fileEncoding = 4; lastKnownFileType = text.plist.xml; path = "DocType HTML 4.0 Strict.plist"; sourceTree = "<group>"; };
		8F563E87170160CD00EE5643 /* DocType HTML 5.plist */ = {isa = PBXFileReference; fileEncoding = 4; lastKnownFileType = text.plist.xml; path = "DocType HTML 5.plist"; sourceTree = "<group>"; };
		8F563E88170160CD00EE5643 /* DocType XHTL 1.0 Frameset.plist */ = {isa = PBXFileReference; fileEncoding = 4; lastKnownFileType = text.plist.xml; path = "DocType XHTL 1.0 Frameset.plist"; sourceTree = "<group>"; };
		8F563E89170160CD00EE5643 /* DocType XHTML 1.0 Strict.plist */ = {isa = PBXFileReference; fileEncoding = 4; lastKnownFileType = text.plist.xml; path = "DocType XHTML 1.0 Strict.plist"; sourceTree = "<group>"; };
		8F563E8A170160CD00EE5643 /* DocType XHTML 1.0 Transitional.plist */ = {isa = PBXFileReference; fileEncoding = 4; lastKnownFileType = text.plist.xml; path = "DocType XHTML 1.0 Transitional.plist"; sourceTree = "<group>"; };
		8F563E8B170160CD00EE5643 /* DocType XHTML 1.1.plist */ = {isa = PBXFileReference; fileEncoding = 4; lastKnownFileType = text.plist.xml; path = "DocType XHTML 1.1.plist"; sourceTree = "<group>"; };
		8F563E8C170160CD00EE5643 /* Embed QT movie (movie).plist */ = {isa = PBXFileReference; fileEncoding = 4; lastKnownFileType = text.plist.xml; path = "Embed QT movie (movie).plist"; sourceTree = "<group>"; };
		8F563E8D170160CD00EE5643 /* Emphasize.tmSnippet */ = {isa = PBXFileReference; fileEncoding = 4; lastKnownFileType = text.xml; path = Emphasize.tmSnippet; sourceTree = "<group>"; };
		8F563E8E170160CD00EE5643 /* Fieldset.tmSnippet */ = {isa = PBXFileReference; fileEncoding = 4; lastKnownFileType = text.xml; path = Fieldset.tmSnippet; sourceTree = "<group>"; };
		8F563E8F170160CD00EE5643 /* HTML — 4.0 Transitional (doctype).plist */ = {isa = PBXFileReference; fileEncoding = 4; lastKnownFileType = text.plist.xml; path = "HTML — 4.0 Transitional (doctype).plist"; sourceTree = "<group>"; };
		8F563E90170160CD00EE5643 /* IE Conditional Comment: Internet Explorer 5_0 only.tmSnippet */ = {isa = PBXFileReference; fileEncoding = 4; lastKnownFileType = text.xml; path = "IE Conditional Comment: Internet Explorer 5_0 only.tmSnippet"; sourceTree = "<group>"; };
		8F563E91170160CD00EE5643 /* IE Conditional Comment: Internet Explorer 5_5 only.tmSnippet */ = {isa = PBXFileReference; fileEncoding = 4; lastKnownFileType = text.xml; path = "IE Conditional Comment: Internet Explorer 5_5 only.tmSnippet"; sourceTree = "<group>"; };
		8F563E92170160CD00EE5643 /* IE Conditional Comment: Internet Explorer 5_x.tmSnippet */ = {isa = PBXFileReference; fileEncoding = 4; lastKnownFileType = text.xml; path = "IE Conditional Comment: Internet Explorer 5_x.tmSnippet"; sourceTree = "<group>"; };
		8F563E93170160CD00EE5643 /* IE Conditional Comment: Internet Explorer 6 and below.tmSnippet */ = {isa = PBXFileReference; fileEncoding = 4; lastKnownFileType = text.xml; path = "IE Conditional Comment: Internet Explorer 6 and below.tmSnippet"; sourceTree = "<group>"; };
		8F563E94170160CD00EE5643 /* IE Conditional Comment: Internet Explorer 6 only.tmSnippet */ = {isa = PBXFileReference; fileEncoding = 4; lastKnownFileType = text.xml; path = "IE Conditional Comment: Internet Explorer 6 only.tmSnippet"; sourceTree = "<group>"; };
		8F563E95170160CD00EE5643 /* IE Conditional Comment: Internet Explorer 7+.tmSnippet */ = {isa = PBXFileReference; fileEncoding = 4; lastKnownFileType = text.xml; path = "IE Conditional Comment: Internet Explorer 7+.tmSnippet"; sourceTree = "<group>"; };
		8F563E96170160CD00EE5643 /* IE Conditional Comment: Internet Explorer.tmSnippet */ = {isa = PBXFileReference; fileEncoding = 4; lastKnownFileType = text.xml; path = "IE Conditional Comment: Internet Explorer.tmSnippet"; sourceTree = "<group>"; };
		8F563E97170160CD00EE5643 /* IE Conditional Comment: NOT Internet Explorer.tmSnippet */ = {isa = PBXFileReference; fileEncoding = 4; lastKnownFileType = text.xml; path = "IE Conditional Comment: NOT Internet Explorer.tmSnippet"; sourceTree = "<group>"; };
		8F563E98170160CD00EE5643 /* Input with Label.tmSnippet */ = {isa = PBXFileReference; fileEncoding = 4; lastKnownFileType = text.xml; path = "Input with Label.tmSnippet"; sourceTree = "<group>"; };
		8F563E99170160CD00EE5643 /* Option.tmSnippet */ = {isa = PBXFileReference; fileEncoding = 4; lastKnownFileType = text.xml; path = Option.tmSnippet; sourceTree = "<group>"; };
		8F563E9A170160CD00EE5643 /* Select Box.tmSnippet */ = {isa = PBXFileReference; fileEncoding = 4; lastKnownFileType = text.xml; path = "Select Box.tmSnippet"; sourceTree = "<group>"; };
		8F563E9B170160CD00EE5643 /* Smart return:indent for tag pairs.plist */ = {isa = PBXFileReference; fileEncoding = 4; lastKnownFileType = text.plist.xml; path = "Smart return:indent for tag pairs.plist"; sourceTree = "<group>"; };
		8F563E9C170160CD00EE5643 /* Strong.tmSnippet */ = {isa = PBXFileReference; fileEncoding = 4; lastKnownFileType = text.xml; path = Strong.tmSnippet; sourceTree = "<group>"; };
		8F563E9D170160CD00EE5643 /* Wrap in <?= … ?>.plist */ = {isa = PBXFileReference; fileEncoding = 4; lastKnownFileType = text.plist.xml; path = "Wrap in <?= … ?>.plist"; sourceTree = "<group>"; };
		8F563E9E170160CD00EE5643 /* Wrap Selection In Tag.plist */ = {isa = PBXFileReference; fileEncoding = 4; lastKnownFileType = text.plist.xml; path = "Wrap Selection In Tag.plist"; sourceTree = "<group>"; };
		8F563E9F170160CD00EE5643 /* XHTML   <input>.plist */ = {isa = PBXFileReference; fileEncoding = 4; lastKnownFileType = text.plist.xml; path = "XHTML   <input>.plist"; sourceTree = "<group>"; };
		8F563EA0170160CD00EE5643 /* XHTML   <textarea>.plist */ = {isa = PBXFileReference; fileEncoding = 4; lastKnownFileType = text.plist.xml; path = "XHTML   <textarea>.plist"; sourceTree = "<group>"; };
		8F563EA1170160CD00EE5643 /* XHTML &nbsp; NonBreakingSpace.plist */ = {isa = PBXFileReference; fileEncoding = 4; lastKnownFileType = text.plist.xml; path = "XHTML &nbsp; NonBreakingSpace.plist"; sourceTree = "<group>"; };
		8F563EA2170160CD00EE5643 /* XHTML <a mailto: >.plist */ = {isa = PBXFileReference; fileEncoding = 4; lastKnownFileType = text.plist.xml; path = "XHTML <a mailto: >.plist"; sourceTree = "<group>"; };
		8F563EA3170160CD00EE5643 /* XHTML <base>.plist */ = {isa = PBXFileReference; fileEncoding = 4; lastKnownFileType = text.plist.xml; path = "XHTML <base>.plist"; sourceTree = "<group>"; };
		8F563EA4170160CD00EE5643 /* XHTML <body>.plist */ = {isa = PBXFileReference; fileEncoding = 4; lastKnownFileType = text.plist.xml; path = "XHTML <body>.plist"; sourceTree = "<group>"; };
		8F563EA5170160CD00EE5643 /* XHTML <br :>.plist */ = {isa = PBXFileReference; fileEncoding = 4; lastKnownFileType = text.plist.xml; path = "XHTML <br :>.plist"; sourceTree = "<group>"; };
		8F563EA6170160CD00EE5643 /* XHTML <div>.plist */ = {isa = PBXFileReference; fileEncoding = 4; lastKnownFileType = text.plist.xml; path = "XHTML <div>.plist"; sourceTree = "<group>"; };
		8F563EA7170160CD00EE5643 /* XHTML <form>.plist */ = {isa = PBXFileReference; fileEncoding = 4; lastKnownFileType = text.plist.xml; path = "XHTML <form>.plist"; sourceTree = "<group>"; };
		8F563EA8170160CD00EE5643 /* XHTML <h1>.plist */ = {isa = PBXFileReference; fileEncoding = 4; lastKnownFileType = text.plist.xml; path = "XHTML <h1>.plist"; sourceTree = "<group>"; };
		8F563EA9170160CD00EE5643 /* XHTML <head>.plist */ = {isa = PBXFileReference; fileEncoding = 4; lastKnownFileType = text.plist.xml; path = "XHTML <head>.plist"; sourceTree = "<group>"; };
		8F563EAA170160CD00EE5643 /* XHTML <link>.plist */ = {isa = PBXFileReference; fileEncoding = 4; lastKnownFileType = text.plist.xml; path = "XHTML <link>.plist"; sourceTree = "<group>"; };
		8F563EAB170160CD00EE5643 /* XHTML <meta>.plist */ = {isa = PBXFileReference; fileEncoding = 4; lastKnownFileType = text.plist.xml; path = "XHTML <meta>.plist"; sourceTree = "<group>"; };
		8F563EAC170160CD00EE5643 /* XHTML <script src...>.plist */ = {isa = PBXFileReference; fileEncoding = 4; lastKnownFileType = text.plist.xml; path = "XHTML <script src...>.plist"; sourceTree = "<group>"; };
		8F563EAD170160CD00EE5643 /* XHTML <script>.plist */ = {isa = PBXFileReference; fileEncoding = 4; lastKnownFileType = text.plist.xml; path = "XHTML <script>.plist"; sourceTree = "<group>"; };
		8F563EAE170160CD00EE5643 /* XHTML <style>.plist */ = {isa = PBXFileReference; fileEncoding = 4; lastKnownFileType = text.plist.xml; path = "XHTML <style>.plist"; sourceTree = "<group>"; };
		8F563EAF170160CD00EE5643 /* XHTML <table>.plist */ = {isa = PBXFileReference; fileEncoding = 4; lastKnownFileType = text.plist.xml; path = "XHTML <table>.plist"; sourceTree = "<group>"; };
		8F563EB0170160CD00EE5643 /* XHTML <title>.plist */ = {isa = PBXFileReference; fileEncoding = 4; lastKnownFileType = text.plist.xml; path = "XHTML <title>.plist"; sourceTree = "<group>"; };
		8F563EB2170160CD00EE5643 /* entities.txt */ = {isa = PBXFileReference; fileEncoding = 4; lastKnownFileType = text; path = entities.txt; sourceTree = "<group>"; };
		8F563EB4170160CD00EE5643 /* Insert Entity.nib */ = {isa = PBXFileReference; lastKnownFileType = wrapper.nib; path = "Insert Entity.nib"; sourceTree = "<group>"; };
		8F563EB5170160CD00EE5643 /* tminclude.rb */ = {isa = PBXFileReference; fileEncoding = 4; lastKnownFileType = text.script.ruby; path = tminclude.rb; sourceTree = "<group>"; };
		8F563EB7170160CD00EE5643 /* HTML.plist */ = {isa = PBXFileReference; fileEncoding = 4; lastKnownFileType = text.plist.xml; path = HTML.plist; sourceTree = "<group>"; };
		8F563EBA170160CD00EE5643 /* index.html */ = {isa = PBXFileReference; fileEncoding = 4; lastKnownFileType = text.html; path = index.html; sourceTree = "<group>"; };
		8F563EBB170160CD00EE5643 /* info.plist */ = {isa = PBXFileReference; fileEncoding = 4; lastKnownFileType = text.plist.xml; path = info.plist; sourceTree = "<group>"; };
		8F563EBD170160CD00EE5643 /* index.html */ = {isa = PBXFileReference; fileEncoding = 4; lastKnownFileType = text.html; path = index.html; sourceTree = "<group>"; };
		8F563EBE170160CD00EE5643 /* info.plist */ = {isa = PBXFileReference; fileEncoding = 4; lastKnownFileType = text.plist.xml; path = info.plist; sourceTree = "<group>"; };
		8F563EC0170160CD00EE5643 /* index.html */ = {isa = PBXFileReference; fileEncoding = 4; lastKnownFileType = text.html; path = index.html; sourceTree = "<group>"; };
		8F563EC1170160CD00EE5643 /* info.plist */ = {isa = PBXFileReference; fileEncoding = 4; lastKnownFileType = text.plist.xml; path = info.plist; sourceTree = "<group>"; };
		8F563EC3170160CD00EE5643 /* index.html */ = {isa = PBXFileReference; fileEncoding = 4; lastKnownFileType = text.html; path = index.html; sourceTree = "<group>"; };
		8F563EC4170160CD00EE5643 /* info.plist */ = {isa = PBXFileReference; fileEncoding = 4; lastKnownFileType = text.plist.xml; path = info.plist; sourceTree = "<group>"; };
		8F563EC6170160CD00EE5643 /* index.html */ = {isa = PBXFileReference; fileEncoding = 4; lastKnownFileType = text.html; path = index.html; sourceTree = "<group>"; };
		8F563EC7170160CD00EE5643 /* info.plist */ = {isa = PBXFileReference; fileEncoding = 4; lastKnownFileType = text.plist.xml; path = info.plist; sourceTree = "<group>"; };
		8F563EC9170160CD00EE5643 /* index.html */ = {isa = PBXFileReference; fileEncoding = 4; lastKnownFileType = text.html; path = index.html; sourceTree = "<group>"; };
		8F563ECA170160CD00EE5643 /* info.plist */ = {isa = PBXFileReference; fileEncoding = 4; lastKnownFileType = text.plist.xml; path = info.plist; sourceTree = "<group>"; };
		8F563F33170161C900EE5643 /* TMBundleSyntaxParser.h */ = {isa = PBXFileReference; fileEncoding = 4; lastKnownFileType = sourcecode.c.h; path = TMBundleSyntaxParser.h; sourceTree = "<group>"; };
		8F563F34170161C900EE5643 /* TMBundleSyntaxParser.m */ = {isa = PBXFileReference; fileEncoding = 4; lastKnownFileType = sourcecode.c.objc; path = TMBundleSyntaxParser.m; sourceTree = "<group>"; };
		8F5C5C1416FDFDBE00B31A19 /* Utils.m */ = {isa = PBXFileReference; fileEncoding = 4; lastKnownFileType = sourcecode.c.objc; name = Utils.m; path = General/Utils.m; sourceTree = "<group>"; };
		8F5C5C1516FDFDBE00B31A19 /* Utils.h */ = {isa = PBXFileReference; fileEncoding = 4; lastKnownFileType = sourcecode.c.h; name = Utils.h; path = General/Utils.h; sourceTree = "<group>"; };
		8F5C5C1716FDFED300B31A19 /* Find.h */ = {isa = PBXFileReference; fileEncoding = 4; lastKnownFileType = sourcecode.c.h; name = Find.h; path = General/Find.h; sourceTree = "<group>"; };
		8F5C5C1816FDFED300B31A19 /* Find.m */ = {isa = PBXFileReference; fileEncoding = 4; lastKnownFileType = sourcecode.c.objc; name = Find.m; path = General/Find.m; sourceTree = "<group>"; };
		8FCA1D6716F86C7000C6AAFC /* MainViewController.h */ = {isa = PBXFileReference; fileEncoding = 4; lastKnownFileType = sourcecode.c.h; path = MainViewController.h; sourceTree = "<group>"; };
		8FCA1D6816F86C7000C6AAFC /* MainViewController.m */ = {isa = PBXFileReference; fileEncoding = 4; lastKnownFileType = sourcecode.c.objc; path = MainViewController.m; sourceTree = "<group>"; };
		8FCA1D6B16F89BF000C6AAFC /* ApplicationState.h */ = {isa = PBXFileReference; fileEncoding = 4; lastKnownFileType = sourcecode.c.h; path = ApplicationState.h; sourceTree = "<group>"; };
		8FCA1D6C16F89BF000C6AAFC /* ApplicationState.m */ = {isa = PBXFileReference; fileEncoding = 4; lastKnownFileType = sourcecode.c.objc; path = ApplicationState.m; sourceTree = "<group>"; };
		8FCA1D6E16F8A36200C6AAFC /* CodeViewController.h */ = {isa = PBXFileReference; fileEncoding = 4; lastKnownFileType = sourcecode.c.h; path = CodeViewController.h; sourceTree = "<group>"; };
		8FCA1D6F16F8A36200C6AAFC /* CodeViewController.m */ = {isa = PBXFileReference; fileEncoding = 4; lastKnownFileType = sourcecode.c.objc; path = CodeViewController.m; sourceTree = "<group>"; };
		8FCA1D7116F8AA6000C6AAFC /* MainViewControllerDelegate.h */ = {isa = PBXFileReference; lastKnownFileType = sourcecode.c.h; path = MainViewControllerDelegate.h; sourceTree = "<group>"; };
		FC4B269C16F88CB800E1DC49 /* FileNavigationViewController.h */ = {isa = PBXFileReference; fileEncoding = 4; lastKnownFileType = sourcecode.c.h; path = FileNavigationViewController.h; sourceTree = "<group>"; };
		FC4B269D16F88CB800E1DC49 /* FileNavigationViewController.m */ = {isa = PBXFileReference; fileEncoding = 4; lastKnownFileType = sourcecode.c.objc; path = FileNavigationViewController.m; sourceTree = "<group>"; };
		FC4B26CC16FF6E3700E1DC49 /* LeftViewController.h */ = {isa = PBXFileReference; fileEncoding = 4; lastKnownFileType = sourcecode.c.h; path = LeftViewController.h; sourceTree = "<group>"; };
		FC4B26CD16FF6E3700E1DC49 /* LeftViewController.m */ = {isa = PBXFileReference; fileEncoding = 4; lastKnownFileType = sourcecode.c.objc; path = LeftViewController.m; sourceTree = "<group>"; };
		FCB0547F17034DE6007832D7 /* README.md */ = {isa = PBXFileReference; fileEncoding = 4; lastKnownFileType = text; path = README.md; sourceTree = "<group>"; };
		FCB0548217036010007832D7 /* SyntaxHighlight.h */ = {isa = PBXFileReference; fileEncoding = 4; lastKnownFileType = sourcecode.c.h; path = SyntaxHighlight.h; sourceTree = "<group>"; };
		FCB0548317036010007832D7 /* SyntaxHighlight.m */ = {isa = PBXFileReference; fileEncoding = 4; lastKnownFileType = sourcecode.c.objc; path = SyntaxHighlight.m; sourceTree = "<group>"; };
/* End PBXFileReference section */

/* Begin PBXFrameworksBuildPhase section */
		4C43F8E616F86AA900159B29 /* Frameworks */ = {
			isa = PBXFrameworksBuildPhase;
			buildActionMask = 2147483647;
			files = (
				4CD06B8616FE0FE600C9DED3 /* CoreText.framework in Frameworks */,
				4C43F8ED16F86AA900159B29 /* UIKit.framework in Frameworks */,
				4C43F8EF16F86AA900159B29 /* Foundation.framework in Frameworks */,
				026BC479170589C600A9AA5F /* QuartzCore.framework in Frameworks */,
				026BC473170589A700A9AA5F /* CFNetwork.framework in Frameworks */,
				026BC477170589BD00A9AA5F /* SystemConfiguration.framework in Frameworks */,
				4C43F8F116F86AA900159B29 /* CoreGraphics.framework in Frameworks */,
				026BC475170589B000A9AA5F /* Security.framework in Frameworks */,
				4C43F8F316F86AA900159B29 /* CoreData.framework in Frameworks */,
				026BC4711705895500A9AA5F /* Dropbox.framework in Frameworks */,
			);
			runOnlyForDeploymentPostprocessing = 0;
		};
		4CD06B6716FDEEC100C9DED3 /* Frameworks */ = {
			isa = PBXFrameworksBuildPhase;
			buildActionMask = 2147483647;
			files = (
				4CD06B6C16FDEEC100C9DED3 /* SenTestingKit.framework in Frameworks */,
				4CD06B6D16FDEEC100C9DED3 /* UIKit.framework in Frameworks */,
				4CD06B6E16FDEEC100C9DED3 /* Foundation.framework in Frameworks */,
			);
			runOnlyForDeploymentPostprocessing = 0;
		};
/* End PBXFrameworksBuildPhase section */

/* Begin PBXGroup section */
		0260B508170921C10091B012 /* Protocols */ = {
			isa = PBXGroup;
			children = (
				0260B50B170928820091B012 /* FileSystemObject.h */,
				0260B50A1709286E0091B012 /* Folder.h */,
				02E51AE117092FCE00247AF5 /* File.h */,
			);
			name = Protocols;
			sourceTree = "<group>";
		};
		026BC47A1705913200A9AA5F /* Local Files */ = {
			isa = PBXGroup;
			children = (
				028DA2D516FD826F00E2E5D9 /* RootFolder.h */,
				028DA2D616FD826F00E2E5D9 /* RootFolder.m */,
				025B52AD16F86C8700C20559 /* File.m */,
				02E51ADE17092D4300247AF5 /* LocalFolder.h */,
				02E51ADF17092D4300247AF5 /* LocalFolder.m */,
				02E51AE217093C8B00247AF5 /* LocalFile.h */,
				02E51AE317093C8B00247AF5 /* LocalFile.m */,
				02E51AE51709438800247AF5 /* LocalRootFolder.h */,
				02E51AE61709438900247AF5 /* LocalRootFolder.m */,
			);
			name = "Local Files";
			sourceTree = "<group>";
		};
		026BC47B1705913A00A9AA5F /* DropBox */ = {
			isa = PBXGroup;
			children = (
				02BF74DD1706C14700397605 /* DropBoxFolder.h */,
				02BF74DE1706C14800397605 /* DropBoxFolder.m */,
			);
			name = DropBox;
			sourceTree = "<group>";
		};
		4C43F8E016F86AA800159B29 = {
			isa = PBXGroup;
			children = (
				4C43F8F416F86AA900159B29 /* arc */,
				4CD06B6F16FDEEC100C9DED3 /* arcTests */,
				4C43F8EB16F86AA900159B29 /* Frameworks */,
				4C43F8EA16F86AA900159B29 /* Products */,
			);
			sourceTree = "<group>";
		};
		4C43F8EA16F86AA900159B29 /* Products */ = {
			isa = PBXGroup;
			children = (
				4C43F8E916F86AA900159B29 /* arc.app */,
				4CD06B6B16FDEEC100C9DED3 /* arcTests.octest */,
			);
			name = Products;
			sourceTree = "<group>";
		};
		4C43F8EB16F86AA900159B29 /* Frameworks */ = {
			isa = PBXGroup;
			children = (
				026BC478170589C600A9AA5F /* QuartzCore.framework */,
				026BC476170589BD00A9AA5F /* SystemConfiguration.framework */,
				026BC474170589B000A9AA5F /* Security.framework */,
				026BC472170589A700A9AA5F /* CFNetwork.framework */,
				026BC4701705895500A9AA5F /* Dropbox.framework */,
				4CD06B8416FE0FC900C9DED3 /* CoreText.framework */,
				025ABF5F16FAF2BD00DD54C6 /* CoreFoundation.framework */,
				4C43F8EC16F86AA900159B29 /* UIKit.framework */,
				4C43F8EE16F86AA900159B29 /* Foundation.framework */,
				4C43F8F016F86AA900159B29 /* CoreGraphics.framework */,
				4C43F8F216F86AA900159B29 /* CoreData.framework */,
				4CD06B3B16FDEDA600C9DED3 /* SenTestingKit.framework */,
				4CD06B3F16FDEDA600C9DED3 /* Other Frameworks */,
			);
			name = Frameworks;
			sourceTree = "<group>";
		};
		4C43F8F416F86AA900159B29 /* arc */ = {
			isa = PBXGroup;
			children = (
				4CD06B7D16FDF59E00C9DED3 /* General */,
				8FCA1D6616F86C7000C6AAFC /* Controllers */,
				4C43F90E16F86AC400159B29 /* Model */,
				4CD06B8716FE122400C9DED3 /* View */,
				4CD06B9016FE1A6900C9DED3 /* Assets */,
				4C43F8FD16F86AA900159B29 /* AppDelegate.h */,
				4C43F8FE16F86AA900159B29 /* AppDelegate.m */,
				4C43F90616F86AA900159B29 /* arc.xcdatamodeld */,
				4C43F8F516F86AA900159B29 /* Supporting Files */,
			);
			path = arc;
			sourceTree = "<group>";
		};
		4C43F8F516F86AA900159B29 /* Supporting Files */ = {
			isa = PBXGroup;
			children = (
				FCB0547F17034DE6007832D7 /* README.md */,
				02B04FC91701608C00FE51CB /* GameObject.h */,
				8F151050170443AC00115E5E /* home.html */,
				8F2F5B8017061435005AD37F /* nav_gmaps_sample.js */,
				4C43F8F616F86AA900159B29 /* arc-Info.plist */,
				4C43F8F716F86AA900159B29 /* InfoPlist.strings */,
				4C43F8FA16F86AA900159B29 /* main.m */,
				4C43F8FC16F86AA900159B29 /* arc-Prefix.pch */,
				4C43F90016F86AA900159B29 /* Default.png */,
				4C43F90216F86AA900159B29 /* Default@2x.png */,
				4C43F90416F86AA900159B29 /* Default-568h@2x.png */,
			);
			name = "Supporting Files";
			sourceTree = "<group>";
		};
		4C43F90E16F86AC400159B29 /* Model */ = {
			isa = PBXGroup;
			children = (
				0260B508170921C10091B012 /* Protocols */,
				8FCA1D6B16F89BF000C6AAFC /* ApplicationState.h */,
				8FCA1D6C16F89BF000C6AAFC /* ApplicationState.m */,
				026BC47A1705913200A9AA5F /* Local Files */,
				026BC47B1705913A00A9AA5F /* DropBox */,
				026AC54316FF06F6001E03E5 /* FileHelper.h */,
				026AC54416FF06F6001E03E5 /* FileHelper.m */,
			);
			path = Model;
			sourceTree = "<group>";
		};
		4C45551617016F21001C6F1D /* Middleware */ = {
			isa = PBXGroup;
			children = (
				4C45551717016F93001C6F1D /* CodeViewMiddleware.h */,
				4C45551817017005001C6F1D /* BasicStyles.h */,
				4C45551917017005001C6F1D /* BasicStyles.m */,
				FCB0548217036010007832D7 /* SyntaxHighlight.h */,
				FCB0548317036010007832D7 /* SyntaxHighlight.m */,
			);
			path = Middleware;
			sourceTree = "<group>";
		};
		4CD06B2D16FDE97E00C9DED3 /* Protocols */ = {
			isa = PBXGroup;
			children = (
				8FCA1D7116F8AA6000C6AAFC /* MainViewControllerDelegate.h */,
				4CD06B2C16FDE92D00C9DED3 /* SubViewController.h */,
			);
			path = Protocols;
			sourceTree = "<group>";
		};
		4CD06B3F16FDEDA600C9DED3 /* Other Frameworks */ = {
			isa = PBXGroup;
			children = (
				4CD06B4016FDEDA600C9DED3 /* AppKit.framework */,
				4CD06B4116FDEDA600C9DED3 /* CoreData.framework */,
				4CD06B4216FDEDA600C9DED3 /* Foundation.framework */,
			);
			name = "Other Frameworks";
			sourceTree = "<group>";
		};
		4CD06B6F16FDEEC100C9DED3 /* arcTests */ = {
			isa = PBXGroup;
			children = (
				4CD06B7516FDEEC100C9DED3 /* arcTests.h */,
				4CD06B7616FDEEC100C9DED3 /* arcTests.m */,
				4CD06B7016FDEEC100C9DED3 /* Supporting Files */,
			);
			path = arcTests;
			sourceTree = "<group>";
		};
		4CD06B7016FDEEC100C9DED3 /* Supporting Files */ = {
			isa = PBXGroup;
			children = (
				4CD06B7116FDEEC100C9DED3 /* arcTests-Info.plist */,
				4CD06B7216FDEEC100C9DED3 /* InfoPlist.strings */,
				4CD06B7816FDEEC100C9DED3 /* arcTests-Prefix.pch */,
			);
			name = "Supporting Files";
			sourceTree = "<group>";
		};
		4CD06B7D16FDF59E00C9DED3 /* General */ = {
			isa = PBXGroup;
			children = (
				8F563F32170161B600EE5643 /* TMBundleProcessing */,
				8F5C5C1516FDFDBE00B31A19 /* Utils.h */,
				8F5C5C1416FDFDBE00B31A19 /* Utils.m */,
				4CD06B7E16FDF61C00C9DED3 /* Constants.h */,
				4CD06B7F16FDF61C00C9DED3 /* Constants.m */,
				8F5C5C1716FDFED300B31A19 /* Find.h */,
				8F5C5C1816FDFED300B31A19 /* Find.m */,
			);
			name = General;
			sourceTree = "<group>";
		};
		4CD06B8716FE122400C9DED3 /* View */ = {
			isa = PBXGroup;
			children = (
				4C45551617016F21001C6F1D /* Middleware */,
				4C12D0761706074600F4593B /* CodeView.h */,
				4C12D0771706074600F4593B /* CodeView.m */,
				4CD06B8816FE125100C9DED3 /* CoreTextUIView.h */,
				4CD06B8916FE125100C9DED3 /* CoreTextUIView.m */,
				4C12D0701705CA7800F4593B /* ArcAttributedString.h */,
				4C12D0711705CA7800F4593B /* ArcAttributedString.m */,
			);
			path = View;
			sourceTree = "<group>";
		};
		4CD06B9016FE1A6900C9DED3 /* Assets */ = {
			isa = PBXGroup;
			children = (
				4CF6F0EC1706E05500EDDEDC /* Images */,
				8F563E53170160CD00EE5643 /* TextMateBundles */,
				4CD06B9116FE1A7100C9DED3 /* Fonts */,
			);
			name = Assets;
			sourceTree = "<group>";
		};
		4CD06B9116FE1A7100C9DED3 /* Fonts */ = {
			isa = PBXGroup;
			children = (
				4CD06B8E16FE1A4800C9DED3 /* SourceCodePro-Regular.ttf */,
			);
			name = Fonts;
			path = Assets/Fonts;
			sourceTree = "<group>";
		};
		4CF6F0EC1706E05500EDDEDC /* Images */ = {
			isa = PBXGroup;
			children = (
				4CF6F0F11706E29300EDDEDC /* folder.png */,
				4CF6F0ED1706E08800EDDEDC /* file.png */,
			);
			name = Images;
			path = Assets/Images;
			sourceTree = "<group>";
		};
		8F1510521704483500115E5E /* javascript.tmbundle */ = {
			isa = PBXGroup;
			children = (
				8F1510531704483500115E5E /* Commands */,
				8F1510591704483500115E5E /* info.plist */,
				8F15105A1704483500115E5E /* Preferences */,
				8F1510631704483500115E5E /* README.mdown */,
				8F1510641704483500115E5E /* Snippets */,
				8F1510721704483500115E5E /* Support */,
				8F15108E1704483500115E5E /* Syntaxes */,
			);
			path = javascript.tmbundle;
			sourceTree = "<group>";
		};
		8F1510531704483500115E5E /* Commands */ = {
			isa = PBXGroup;
			children = (
				8F1510541704483500115E5E /* Copy as Bookmarklet to Clipboard.tmCommand */,
				8F1510551704483500115E5E /* Documentation for Word.plist */,
				8F1510561704483500115E5E /* New Function.tmCommand */,
				8F1510571704483500115E5E /* New Method.tmCommand */,
				8F1510581704483500115E5E /* Reformat Document : Selection.tmCommand */,
			);
			path = Commands;
			sourceTree = "<group>";
		};
		8F15105A1704483500115E5E /* Preferences */ = {
			isa = PBXGroup;
			children = (
				8F15105B1704483500115E5E /* Comments.tmPreferences */,
				8F15105C1704483500115E5E /* Folding.tmPreferences */,
				8F15105D1704483500115E5E /* JavaScript Indent.tmPreferences */,
				8F15105E1704483500115E5E /* Symbol List Banned.tmPreferences */,
				8F15105F1704483500115E5E /* Symbol List Class.tmPreferences */,
				8F1510601704483500115E5E /* Symbol List Instance.tmPreferences */,
				8F1510611704483500115E5E /* Symbol List Sub 1.tmPreferences */,
				8F1510621704483500115E5E /* Symbol List Sub 2.tmPreferences */,
			);
			path = Preferences;
			sourceTree = "<group>";
		};
		8F1510641704483500115E5E /* Snippets */ = {
			isa = PBXGroup;
			children = (
				8F1510651704483500115E5E /* for (…) {…} (faster).tmSnippet */,
				8F1510661704483500115E5E /* for (…) {…}.tmSnippet */,
				8F1510671704483500115E5E /* function (fun).plist */,
				8F1510681704483500115E5E /* function.tmSnippet */,
				8F1510691704483500115E5E /* Get Elements.tmSnippet */,
				8F15106A1704483500115E5E /* if ___ else.tmSnippet */,
				8F15106B1704483500115E5E /* if.tmSnippet */,
				8F15106C1704483500115E5E /* Object key — key: "value".tmSnippet */,
				8F15106D1704483500115E5E /* Object Method String.tmSnippet */,
				8F15106E1704483500115E5E /* Object Method.tmSnippet */,
				8F15106F1704483500115E5E /* Object Value JS.tmSnippet */,
				8F1510701704483500115E5E /* Prototype (proto).plist */,
				8F1510711704483500115E5E /* setTimeout function.tmSnippet */,
			);
			path = Snippets;
			sourceTree = "<group>";
		};
		8F1510721704483500115E5E /* Support */ = {
			isa = PBXGroup;
			children = (
				8F1510731704483500115E5E /* dev_guru_index.gz */,
				8F1510741704483500115E5E /* lib */,
			);
			path = Support;
			sourceTree = "<group>";
		};
		8F1510741704483500115E5E /* lib */ = {
			isa = PBXGroup;
			children = (
				8F1510751704483500115E5E /* jsbeautifier */,
				8F15108D1704483500115E5E /* jsbeautifier-license.txt */,
			);
			path = lib;
			sourceTree = "<group>";
		};
		8F1510751704483500115E5E /* jsbeautifier */ = {
			isa = PBXGroup;
			children = (
				8F1510761704483500115E5E /* __init__.py */,
				8F1510771704483500115E5E /* tests */,
				8F15107B1704483500115E5E /* unpackers */,
			);
			path = jsbeautifier;
			sourceTree = "<group>";
		};
		8F1510771704483500115E5E /* tests */ = {
			isa = PBXGroup;
			children = (
				8F1510781704483500115E5E /* __init__.py */,
				8F1510791704483500115E5E /* testindentation.py */,
				8F15107A1704483500115E5E /* testjsbeautifier.py */,
			);
			path = tests;
			sourceTree = "<group>";
		};
		8F15107B1704483500115E5E /* unpackers */ = {
			isa = PBXGroup;
			children = (
				8F15107C1704483500115E5E /* __init__.py */,
				8F15107D1704483500115E5E /* evalbased.py */,
				8F15107E1704483500115E5E /* javascriptobfuscator.py */,
				8F15107F1704483500115E5E /* myobfuscate.py */,
				8F1510801704483500115E5E /* packer.py */,
				8F1510811704483500115E5E /* README.specs.mkd */,
				8F1510821704483500115E5E /* tests */,
				8F15108C1704483500115E5E /* urlencode.py */,
			);
			path = unpackers;
			sourceTree = "<group>";
		};
		8F1510821704483500115E5E /* tests */ = {
			isa = PBXGroup;
			children = (
				8F1510831704483500115E5E /* __init__.py */,
				8F1510841704483500115E5E /* test-myobfuscate-input.js */,
				8F1510851704483500115E5E /* test-myobfuscate-output.js */,
				8F1510861704483500115E5E /* test-packer-62-input.js */,
				8F1510871704483500115E5E /* test-packer-non62-input.js */,
				8F1510881704483500115E5E /* testjavascriptobfuscator.py */,
				8F1510891704483500115E5E /* testmyobfuscate.py */,
				8F15108A1704483500115E5E /* testpacker.py */,
				8F15108B1704483500115E5E /* testurlencode.py */,
			);
			path = tests;
			sourceTree = "<group>";
		};
		8F15108E1704483500115E5E /* Syntaxes */ = {
			isa = PBXGroup;
			children = (
				8F15108F1704483500115E5E /* JavaScript.plist */,
				8F1510901704483500115E5E /* Regular Expressions (JavaScript).tmLanguage */,
			);
			path = Syntaxes;
			sourceTree = "<group>";
		};
		8F563E53170160CD00EE5643 /* TextMateBundles */ = {
			isa = PBXGroup;
			children = (
				8F1510C517044A4C00115E5E /* Solarized (light).tmTheme */,
				8F1510521704483500115E5E /* javascript.tmbundle */,
				8F563E54170160CD00EE5643 /* html.tmbundle */,
			);
			name = TextMateBundles;
			path = Assets/TextMateBundles;
			sourceTree = "<group>";
		};
		8F563E54170160CD00EE5643 /* html.tmbundle */ = {
			isa = PBXGroup;
			children = (
				8F563E55170160CD00EE5643 /* Commands */,
				8F563E6D170160CD00EE5643 /* DragCommands */,
				8F563E77170160CD00EE5643 /* info.plist */,
				8F563E78170160CD00EE5643 /* Macros */,
				8F563E7A170160CD00EE5643 /* Preferences */,
				8F563E84170160CD00EE5643 /* README.mdown */,
				8F563E85170160CD00EE5643 /* Snippets */,
				8F563EB1170160CD00EE5643 /* Support */,
				8F563EB6170160CD00EE5643 /* Syntaxes */,
				8F563EB8170160CD00EE5643 /* Templates */,
			);
			path = html.tmbundle;
			sourceTree = "<group>";
		};
		8F563E55170160CD00EE5643 /* Commands */ = {
			isa = PBXGroup;
			children = (
				8F563E56170160CD00EE5643 /* About Persistent Includes.tmCommand */,
				8F563E57170160CD00EE5643 /* CodeCompletion HTML Attributes.tmCommand */,
				8F563E58170160CD00EE5643 /* CodeCompletion HTML Tags.tmCommand */,
				8F563E59170160CD00EE5643 /* Convert Line : Selection to URL Escapes.plist */,
				8F563E5A170160CD00EE5643 /* Convert to HTML Entities.plist */,
				8F563E5B170160CD00EE5643 /* Convert to named entities excl tags.plist */,
				8F563E5C170160CD00EE5643 /* Decode HTML Entities.plist */,
				8F563E5D170160CD00EE5643 /* Decode Numeric URL Escapes in Line : Selection.plist */,
				8F563E5E170160CD00EE5643 /* Documentation for Tag.plist */,
				8F563E5F170160CD00EE5643 /* Encrypt Line : Selection (ROT 13).tmCommand */,
				8F563E60170160CD00EE5643 /* Insert Close Tag.plist */,
				8F563E61170160CD00EE5643 /* Insert Entity….plist */,
				8F563E62170160CD00EE5643 /* Insert Tag Pair.plist */,
				8F563E63170160CD00EE5643 /* Persistent Include.tmCommand */,
				8F563E64170160CD00EE5643 /* Preview in All Active Browsers.plist */,
				8F563E65170160CD00EE5643 /* Refresh All Active Browsers.plist */,
				8F563E66170160CD00EE5643 /* Show Web Preview.tmCommand */,
				8F563E67170160CD00EE5643 /* Strip HTML tags.plist */,
				8F563E68170160CD00EE5643 /* Tidy.plist */,
				8F563E69170160CD00EE5643 /* Update Includes.tmCommand */,
				8F563E6A170160CD00EE5643 /* Update Project.tmCommand */,
				8F563E6B170160CD00EE5643 /* W3C validation.plist */,
				8F563E6C170160CD00EE5643 /* Wrap Each Selected Line in Open:Close Tag.plist */,
			);
			path = Commands;
			sourceTree = "<group>";
		};
		8F563E6D170160CD00EE5643 /* DragCommands */ = {
			isa = PBXGroup;
			children = (
				8F563E6E170160CD00EE5643 /* Anchor Tag.plist */,
				8F563E6F170160CD00EE5643 /* CSS Link.plist */,
				8F563E70170160CD00EE5643 /* Image Tag.plist */,
				8F563E71170160CD00EE5643 /* Insert Anchor href 2.tmDragCommand */,
				8F563E72170160CD00EE5643 /* Insert Anchor href.tmDragCommand */,
				8F563E73170160CD00EE5643 /* Insert Flash Movie (Swf).tmDragCommand */,
				8F563E74170160CD00EE5643 /* Insert JS Link.tmDragCommand */,
				8F563E75170160CD00EE5643 /* Insert QuickTime Movie.tmDragCommand */,
				8F563E76170160CD00EE5643 /* Insert URL.tmDragCommand */,
			);
			path = DragCommands;
			sourceTree = "<group>";
		};
		8F563E78170160CD00EE5643 /* Macros */ = {
			isa = PBXGroup;
			children = (
				8F563E79170160CD00EE5643 /* Delete whitespace between tags.plist */,
			);
			path = Macros;
			sourceTree = "<group>";
		};
		8F563E7A170160CD00EE5643 /* Preferences */ = {
			isa = PBXGroup;
			children = (
				8F563E7B170160CD00EE5643 /* Comments.plist */,
				8F563E7C170160CD00EE5643 /* Completions HTML Attributes.tmPreferences */,
				8F563E7D170160CD00EE5643 /* Empty tag typing pairs.plist */,
				8F563E7E170160CD00EE5643 /* Folding.tmPreferences */,
				8F563E7F170160CD00EE5643 /* Indent Corrections.tmPreferences */,
				8F563E80170160CD00EE5643 /* Miscellaneous.plist */,
				8F563E81170160CD00EE5643 /* Symbol List: ID.plist */,
				8F563E82170160CD00EE5643 /* Tag Completions.tmPreferences */,
				8F563E83170160CD00EE5643 /* Tag preferences.plist */,
			);
			path = Preferences;
			sourceTree = "<group>";
		};
		8F563E85170160CD00EE5643 /* Snippets */ = {
			isa = PBXGroup;
			children = (
				8F563E86170160CD00EE5643 /* DocType HTML 4.0 Strict.plist */,
				8F563E87170160CD00EE5643 /* DocType HTML 5.plist */,
				8F563E88170160CD00EE5643 /* DocType XHTL 1.0 Frameset.plist */,
				8F563E89170160CD00EE5643 /* DocType XHTML 1.0 Strict.plist */,
				8F563E8A170160CD00EE5643 /* DocType XHTML 1.0 Transitional.plist */,
				8F563E8B170160CD00EE5643 /* DocType XHTML 1.1.plist */,
				8F563E8C170160CD00EE5643 /* Embed QT movie (movie).plist */,
				8F563E8D170160CD00EE5643 /* Emphasize.tmSnippet */,
				8F563E8E170160CD00EE5643 /* Fieldset.tmSnippet */,
				8F563E8F170160CD00EE5643 /* HTML — 4.0 Transitional (doctype).plist */,
				8F563E90170160CD00EE5643 /* IE Conditional Comment: Internet Explorer 5_0 only.tmSnippet */,
				8F563E91170160CD00EE5643 /* IE Conditional Comment: Internet Explorer 5_5 only.tmSnippet */,
				8F563E92170160CD00EE5643 /* IE Conditional Comment: Internet Explorer 5_x.tmSnippet */,
				8F563E93170160CD00EE5643 /* IE Conditional Comment: Internet Explorer 6 and below.tmSnippet */,
				8F563E94170160CD00EE5643 /* IE Conditional Comment: Internet Explorer 6 only.tmSnippet */,
				8F563E95170160CD00EE5643 /* IE Conditional Comment: Internet Explorer 7+.tmSnippet */,
				8F563E96170160CD00EE5643 /* IE Conditional Comment: Internet Explorer.tmSnippet */,
				8F563E97170160CD00EE5643 /* IE Conditional Comment: NOT Internet Explorer.tmSnippet */,
				8F563E98170160CD00EE5643 /* Input with Label.tmSnippet */,
				8F563E99170160CD00EE5643 /* Option.tmSnippet */,
				8F563E9A170160CD00EE5643 /* Select Box.tmSnippet */,
				8F563E9B170160CD00EE5643 /* Smart return:indent for tag pairs.plist */,
				8F563E9C170160CD00EE5643 /* Strong.tmSnippet */,
				8F563E9D170160CD00EE5643 /* Wrap in <?= … ?>.plist */,
				8F563E9E170160CD00EE5643 /* Wrap Selection In Tag.plist */,
				8F563E9F170160CD00EE5643 /* XHTML   <input>.plist */,
				8F563EA0170160CD00EE5643 /* XHTML   <textarea>.plist */,
				8F563EA1170160CD00EE5643 /* XHTML &nbsp; NonBreakingSpace.plist */,
				8F563EA2170160CD00EE5643 /* XHTML <a mailto: >.plist */,
				8F563EA3170160CD00EE5643 /* XHTML <base>.plist */,
				8F563EA4170160CD00EE5643 /* XHTML <body>.plist */,
				8F563EA5170160CD00EE5643 /* XHTML <br :>.plist */,
				8F563EA6170160CD00EE5643 /* XHTML <div>.plist */,
				8F563EA7170160CD00EE5643 /* XHTML <form>.plist */,
				8F563EA8170160CD00EE5643 /* XHTML <h1>.plist */,
				8F563EA9170160CD00EE5643 /* XHTML <head>.plist */,
				8F563EAA170160CD00EE5643 /* XHTML <link>.plist */,
				8F563EAB170160CD00EE5643 /* XHTML <meta>.plist */,
				8F563EAC170160CD00EE5643 /* XHTML <script src...>.plist */,
				8F563EAD170160CD00EE5643 /* XHTML <script>.plist */,
				8F563EAE170160CD00EE5643 /* XHTML <style>.plist */,
				8F563EAF170160CD00EE5643 /* XHTML <table>.plist */,
				8F563EB0170160CD00EE5643 /* XHTML <title>.plist */,
			);
			path = Snippets;
			sourceTree = "<group>";
		};
		8F563EB1170160CD00EE5643 /* Support */ = {
			isa = PBXGroup;
			children = (
				8F563EB2170160CD00EE5643 /* entities.txt */,
				8F563EB3170160CD00EE5643 /* nibs */,
				8F563EB5170160CD00EE5643 /* tminclude.rb */,
			);
			path = Support;
			sourceTree = "<group>";
		};
		8F563EB3170160CD00EE5643 /* nibs */ = {
			isa = PBXGroup;
			children = (
				8F563EB4170160CD00EE5643 /* Insert Entity.nib */,
			);
			path = nibs;
			sourceTree = "<group>";
		};
		8F563EB6170160CD00EE5643 /* Syntaxes */ = {
			isa = PBXGroup;
			children = (
				8F563EB7170160CD00EE5643 /* HTML.plist */,
			);
			path = Syntaxes;
			sourceTree = "<group>";
		};
		8F563EB8170160CD00EE5643 /* Templates */ = {
			isa = PBXGroup;
			children = (
				8F563EB9170160CD00EE5643 /* HTML – 4.0 Strict */,
				8F563EBC170160CD00EE5643 /* HTML — 4.0 Transitional */,
				8F563EBF170160CD00EE5643 /* XHTML – 1.0 Frameset */,
				8F563EC2170160CD00EE5643 /* XHTML – 1.0 Strict */,
				8F563EC5170160CD00EE5643 /* XHTML – 1.0 Transitional */,
				8F563EC8170160CD00EE5643 /* XHTML – 1.1 */,
			);
			path = Templates;
			sourceTree = "<group>";
		};
		8F563EB9170160CD00EE5643 /* HTML – 4.0 Strict */ = {
			isa = PBXGroup;
			children = (
				8F563EBA170160CD00EE5643 /* index.html */,
				8F563EBB170160CD00EE5643 /* info.plist */,
			);
			path = "HTML – 4.0 Strict";
			sourceTree = "<group>";
		};
		8F563EBC170160CD00EE5643 /* HTML — 4.0 Transitional */ = {
			isa = PBXGroup;
			children = (
				8F563EBD170160CD00EE5643 /* index.html */,
				8F563EBE170160CD00EE5643 /* info.plist */,
			);
			path = "HTML — 4.0 Transitional";
			sourceTree = "<group>";
		};
		8F563EBF170160CD00EE5643 /* XHTML – 1.0 Frameset */ = {
			isa = PBXGroup;
			children = (
				8F563EC0170160CD00EE5643 /* index.html */,
				8F563EC1170160CD00EE5643 /* info.plist */,
			);
			path = "XHTML – 1.0 Frameset";
			sourceTree = "<group>";
		};
		8F563EC2170160CD00EE5643 /* XHTML – 1.0 Strict */ = {
			isa = PBXGroup;
			children = (
				8F563EC3170160CD00EE5643 /* index.html */,
				8F563EC4170160CD00EE5643 /* info.plist */,
			);
			path = "XHTML – 1.0 Strict";
			sourceTree = "<group>";
		};
		8F563EC5170160CD00EE5643 /* XHTML – 1.0 Transitional */ = {
			isa = PBXGroup;
			children = (
				8F563EC6170160CD00EE5643 /* index.html */,
				8F563EC7170160CD00EE5643 /* info.plist */,
			);
			path = "XHTML – 1.0 Transitional";
			sourceTree = "<group>";
		};
		8F563EC8170160CD00EE5643 /* XHTML – 1.1 */ = {
			isa = PBXGroup;
			children = (
				8F563EC9170160CD00EE5643 /* index.html */,
				8F563ECA170160CD00EE5643 /* info.plist */,
			);
			path = "XHTML – 1.1";
			sourceTree = "<group>";
		};
		8F563F32170161B600EE5643 /* TMBundleProcessing */ = {
			isa = PBXGroup;
			children = (
				8F15104F1704410000115E5E /* TMBundleHeader.h */,
				8F563F33170161C900EE5643 /* TMBundleSyntaxParser.h */,
				8F563F34170161C900EE5643 /* TMBundleSyntaxParser.m */,
				8F1510C7170468B000115E5E /* TMBundleThemeHandler.h */,
				8F1510C8170468B100115E5E /* TMBundleThemeHandler.m */,
				8F1510CA1704697900115E5E /* TMBundleGrammar.h */,
				8F1510CB1704697900115E5E /* TMBundleGrammar.m */,
			);
			name = TMBundleProcessing;
			path = General/TMBundleProcessing;
			sourceTree = "<group>";
		};
		8FCA1D6616F86C7000C6AAFC /* Controllers */ = {
			isa = PBXGroup;
			children = (
				4CD06B2D16FDE97E00C9DED3 /* Protocols */,
				8FCA1D6716F86C7000C6AAFC /* MainViewController.h */,
				8FCA1D6816F86C7000C6AAFC /* MainViewController.m */,
				8FCA1D6E16F8A36200C6AAFC /* CodeViewController.h */,
				8FCA1D6F16F8A36200C6AAFC /* CodeViewController.m */,
				FC4B26CC16FF6E3700E1DC49 /* LeftViewController.h */,
				FC4B26CD16FF6E3700E1DC49 /* LeftViewController.m */,
				FC4B269C16F88CB800E1DC49 /* FileNavigationViewController.h */,
				FC4B269D16F88CB800E1DC49 /* FileNavigationViewController.m */,
				4CF6F0F31706F2F000EDDEDC /* SettingsViewController.h */,
				4CF6F0F41706F2F000EDDEDC /* SettingsViewController.m */,
			);
			path = Controllers;
			sourceTree = "<group>";
		};
/* End PBXGroup section */

/* Begin PBXNativeTarget section */
		4C43F8E816F86AA900159B29 /* arc */ = {
			isa = PBXNativeTarget;
			buildConfigurationList = 4C43F90B16F86AA900159B29 /* Build configuration list for PBXNativeTarget "arc" */;
			buildPhases = (
				4C43F8E516F86AA900159B29 /* Sources */,
				4C43F8E616F86AA900159B29 /* Frameworks */,
				4C43F8E716F86AA900159B29 /* Resources */,
			);
			buildRules = (
			);
			dependencies = (
			);
			name = arc;
			productName = arc;
			productReference = 4C43F8E916F86AA900159B29 /* arc.app */;
			productType = "com.apple.product-type.application";
		};
		4CD06B6A16FDEEC100C9DED3 /* arcTests */ = {
			isa = PBXNativeTarget;
			buildConfigurationList = 4CD06B7B16FDEEC100C9DED3 /* Build configuration list for PBXNativeTarget "arcTests" */;
			buildPhases = (
				4CD06B6616FDEEC100C9DED3 /* Sources */,
				4CD06B6716FDEEC100C9DED3 /* Frameworks */,
				4CD06B6816FDEEC100C9DED3 /* Resources */,
				4CD06B6916FDEEC100C9DED3 /* ShellScript */,
			);
			buildRules = (
			);
			dependencies = (
				0234361D16FDFA0700B0D7AE /* PBXTargetDependency */,
			);
			name = arcTests;
			productName = arcTests;
			productReference = 4CD06B6B16FDEEC100C9DED3 /* arcTests.octest */;
			productType = "com.apple.product-type.bundle";
		};
/* End PBXNativeTarget section */

/* Begin PBXProject section */
		4C43F8E116F86AA800159B29 /* Project object */ = {
			isa = PBXProject;
			attributes = {
				LastUpgradeCheck = 0460;
				ORGANIZATIONNAME = nus.cs3217;
			};
			buildConfigurationList = 4C43F8E416F86AA800159B29 /* Build configuration list for PBXProject "arc" */;
			compatibilityVersion = "Xcode 3.2";
			developmentRegion = English;
			hasScannedForEncodings = 0;
			knownRegions = (
				en,
			);
			mainGroup = 4C43F8E016F86AA800159B29;
			productRefGroup = 4C43F8EA16F86AA900159B29 /* Products */;
			projectDirPath = "";
			projectRoot = "";
			targets = (
				4C43F8E816F86AA900159B29 /* arc */,
				4CD06B6A16FDEEC100C9DED3 /* arcTests */,
			);
		};
/* End PBXProject section */

/* Begin PBXResourcesBuildPhase section */
		4C43F8E716F86AA900159B29 /* Resources */ = {
			isa = PBXResourcesBuildPhase;
			buildActionMask = 2147483647;
			files = (
				02B04FCA1701672700FE51CB /* GameObject.h in Resources */,
				8F2F5B8217061445005AD37F /* nav_gmaps_sample.js in Resources */,
				4C43F90116F86AA900159B29 /* Default.png in Resources */,
				4C43F90316F86AA900159B29 /* Default@2x.png in Resources */,
				4C43F90516F86AA900159B29 /* Default-568h@2x.png in Resources */,
				4CD06B8F16FE1A4800C9DED3 /* SourceCodePro-Regular.ttf in Resources */,
				8F563F361701682500EE5643 /* HTML.plist in Resources */,
				FCB0548017034DE6007832D7 /* README.md in Resources */,
				8F151051170443AC00115E5E /* home.html in Resources */,
				8F1510C31704483500115E5E /* JavaScript.plist in Resources */,
				8F1510C41704483500115E5E /* Regular Expressions (JavaScript).tmLanguage in Resources */,
				8F1510C617044A4C00115E5E /* Solarized (light).tmTheme in Resources */,
				4CF6F0EE1706E08800EDDEDC /* file.png in Resources */,
				4CF6F0F21706E29300EDDEDC /* folder.png in Resources */,
			);
			runOnlyForDeploymentPostprocessing = 0;
		};
		4CD06B6816FDEEC100C9DED3 /* Resources */ = {
			isa = PBXResourcesBuildPhase;
			buildActionMask = 2147483647;
			files = (
				4CD06B7416FDEEC100C9DED3 /* InfoPlist.strings in Resources */,
			);
			runOnlyForDeploymentPostprocessing = 0;
		};
/* End PBXResourcesBuildPhase section */

/* Begin PBXShellScriptBuildPhase section */
		4CD06B6916FDEEC100C9DED3 /* ShellScript */ = {
			isa = PBXShellScriptBuildPhase;
			buildActionMask = 2147483647;
			files = (
			);
			inputPaths = (
			);
			outputPaths = (
			);
			runOnlyForDeploymentPostprocessing = 0;
			shellPath = /bin/sh;
			shellScript = "# Run the unit tests in this test bundle.\n\"${SYSTEM_DEVELOPER_DIR}/Tools/RunUnitTests\"\n";
		};
/* End PBXShellScriptBuildPhase section */

/* Begin PBXSourcesBuildPhase section */
		4C43F8E516F86AA900159B29 /* Sources */ = {
			isa = PBXSourcesBuildPhase;
			buildActionMask = 2147483647;
			files = (
				4C43F8FB16F86AA900159B29 /* main.m in Sources */,
				4C43F8FF16F86AA900159B29 /* AppDelegate.m in Sources */,
				4C43F90816F86AA900159B29 /* arc.xcdatamodeld in Sources */,
				025B52AE16F86C8700C20559 /* File.m in Sources */,
				8FCA1D6916F86C7000C6AAFC /* MainViewController.m in Sources */,
				FC4B269E16F88CB800E1DC49 /* FileNavigationViewController.m in Sources */,
				8FCA1D6D16F89BF000C6AAFC /* ApplicationState.m in Sources */,
				8FCA1D7016F8A36200C6AAFC /* CodeViewController.m in Sources */,
				028DA2D716FD827000E2E5D9 /* RootFolder.m in Sources */,
				4CD06B8016FDF61C00C9DED3 /* Constants.m in Sources */,
				8F5C5C1616FDFDBE00B31A19 /* Utils.m in Sources */,
				8F5C5C1916FDFED300B31A19 /* Find.m in Sources */,
				4CD06B8A16FE125100C9DED3 /* CoreTextUIView.m in Sources */,
				FC4B26CE16FF6E3800E1DC49 /* LeftViewController.m in Sources */,
				026AC54516FF06F7001E03E5 /* FileHelper.m in Sources */,
				4C45551A17017005001C6F1D /* BasicStyles.m in Sources */,
				8F563F35170161C900EE5643 /* TMBundleSyntaxParser.m in Sources */,
				FCB0548417036010007832D7 /* SyntaxHighlight.m in Sources */,
				8F1510B91704483500115E5E /* test-myobfuscate-input.js in Sources */,
				8F1510BA1704483500115E5E /* test-myobfuscate-output.js in Sources */,
				8F1510BB1704483500115E5E /* test-packer-62-input.js in Sources */,
				8F1510BC1704483500115E5E /* test-packer-non62-input.js in Sources */,
				8F1510C9170468B100115E5E /* TMBundleThemeHandler.m in Sources */,
				8F1510CC1704697900115E5E /* TMBundleGrammar.m in Sources */,
				4C12D0721705CA7800F4593B /* ArcAttributedString.m in Sources */,
				4C12D0781706074600F4593B /* CodeView.m in Sources */,
				8F2F5B8117061435005AD37F /* nav_gmaps_sample.js in Sources */,
				02BF74DF1706C14800397605 /* DropBoxFolder.m in Sources */,
				4CF6F0F51706F2F000EDDEDC /* SettingsViewController.m in Sources */,
				02E51AE017092D4300247AF5 /* LocalFolder.m in Sources */,
				02E51AE417093C8B00247AF5 /* LocalFile.m in Sources */,
				02E51AE71709438900247AF5 /* LocalRootFolder.m in Sources */,
			);
			runOnlyForDeploymentPostprocessing = 0;
		};
		4CD06B6616FDEEC100C9DED3 /* Sources */ = {
			isa = PBXSourcesBuildPhase;
			buildActionMask = 2147483647;
			files = (
				026AC54716FF104D001E03E5 /* Constants.m in Sources */,
				0234362116FDFA4900B0D7AE /* File.m in Sources */,
				0234361F16FDFA4100B0D7AE /* RootFolder.m in Sources */,
				4CD06B7716FDEEC100C9DED3 /* arcTests.m in Sources */,
				026AC54616FF06F7001E03E5 /* FileHelper.m in Sources */,
			);
			runOnlyForDeploymentPostprocessing = 0;
		};
/* End PBXSourcesBuildPhase section */

/* Begin PBXTargetDependency section */
		0234361D16FDFA0700B0D7AE /* PBXTargetDependency */ = {
			isa = PBXTargetDependency;
			target = 4C43F8E816F86AA900159B29 /* arc */;
			targetProxy = 0234361C16FDFA0700B0D7AE /* PBXContainerItemProxy */;
		};
/* End PBXTargetDependency section */

/* Begin PBXVariantGroup section */
		4C43F8F716F86AA900159B29 /* InfoPlist.strings */ = {
			isa = PBXVariantGroup;
			children = (
				4C43F8F816F86AA900159B29 /* en */,
			);
			name = InfoPlist.strings;
			sourceTree = "<group>";
		};
		4CD06B7216FDEEC100C9DED3 /* InfoPlist.strings */ = {
			isa = PBXVariantGroup;
			children = (
				4CD06B7316FDEEC100C9DED3 /* en */,
			);
			name = InfoPlist.strings;
			sourceTree = "<group>";
		};
/* End PBXVariantGroup section */

/* Begin XCBuildConfiguration section */
		4C43F90916F86AA900159B29 /* Debug */ = {
			isa = XCBuildConfiguration;
			buildSettings = {
				ALWAYS_SEARCH_USER_PATHS = NO;
				CLANG_CXX_LANGUAGE_STANDARD = "gnu++0x";
				CLANG_CXX_LIBRARY = "libc++";
				CLANG_ENABLE_OBJC_ARC = YES;
				CLANG_WARN_CONSTANT_CONVERSION = YES;
				CLANG_WARN_EMPTY_BODY = YES;
				CLANG_WARN_ENUM_CONVERSION = YES;
				CLANG_WARN_INT_CONVERSION = YES;
				CLANG_WARN__DUPLICATE_METHOD_MATCH = YES;
				"CODE_SIGN_IDENTITY[sdk=iphoneos*]" = "iPhone Developer";
				COPY_PHASE_STRIP = NO;
				GCC_C_LANGUAGE_STANDARD = gnu99;
				GCC_DYNAMIC_NO_PIC = NO;
				GCC_OPTIMIZATION_LEVEL = 0;
				GCC_PREPROCESSOR_DEFINITIONS = "";
				GCC_SYMBOLS_PRIVATE_EXTERN = NO;
				GCC_WARN_ABOUT_RETURN_TYPE = YES;
				GCC_WARN_UNINITIALIZED_AUTOS = YES;
				GCC_WARN_UNUSED_VARIABLE = YES;
				IPHONEOS_DEPLOYMENT_TARGET = 5.1;
				ONLY_ACTIVE_ARCH = YES;
				SDKROOT = iphoneos;
				TARGETED_DEVICE_FAMILY = 2;
			};
			name = Debug;
		};
		4C43F90A16F86AA900159B29 /* Release */ = {
			isa = XCBuildConfiguration;
			buildSettings = {
				ALWAYS_SEARCH_USER_PATHS = NO;
				CLANG_CXX_LANGUAGE_STANDARD = "gnu++0x";
				CLANG_CXX_LIBRARY = "libc++";
				CLANG_ENABLE_OBJC_ARC = YES;
				CLANG_WARN_CONSTANT_CONVERSION = YES;
				CLANG_WARN_EMPTY_BODY = YES;
				CLANG_WARN_ENUM_CONVERSION = YES;
				CLANG_WARN_INT_CONVERSION = YES;
				CLANG_WARN__DUPLICATE_METHOD_MATCH = YES;
				"CODE_SIGN_IDENTITY[sdk=iphoneos*]" = "iPhone Developer";
				COPY_PHASE_STRIP = YES;
				GCC_C_LANGUAGE_STANDARD = gnu99;
				GCC_PREPROCESSOR_DEFINITIONS = "";
				GCC_WARN_ABOUT_RETURN_TYPE = YES;
				GCC_WARN_UNINITIALIZED_AUTOS = YES;
				GCC_WARN_UNUSED_VARIABLE = YES;
				IPHONEOS_DEPLOYMENT_TARGET = 5.1;
				OTHER_CFLAGS = "-DNS_BLOCK_ASSERTIONS=1";
				SDKROOT = iphoneos;
				TARGETED_DEVICE_FAMILY = 2;
				VALIDATE_PRODUCT = YES;
			};
			name = Release;
		};
		4C43F90C16F86AA900159B29 /* Debug */ = {
			isa = XCBuildConfiguration;
			buildSettings = {
				FRAMEWORK_SEARCH_PATHS = (
					"$(inherited)",
					"\"$(SRCROOT)/arc\"",
				);
				GCC_PRECOMPILE_PREFIX_HEADER = YES;
				GCC_PREFIX_HEADER = "arc/arc-Prefix.pch";
				INFOPLIST_FILE = "arc/arc-Info.plist";
				IPHONEOS_DEPLOYMENT_TARGET = 5.1;
				PRODUCT_NAME = "$(TARGET_NAME)";
				WRAPPER_EXTENSION = app;
			};
			name = Debug;
		};
		4C43F90D16F86AA900159B29 /* Release */ = {
			isa = XCBuildConfiguration;
			buildSettings = {
				FRAMEWORK_SEARCH_PATHS = (
					"$(inherited)",
					"\"$(SRCROOT)/arc\"",
				);
				GCC_PRECOMPILE_PREFIX_HEADER = YES;
				GCC_PREFIX_HEADER = "arc/arc-Prefix.pch";
				INFOPLIST_FILE = "arc/arc-Info.plist";
				IPHONEOS_DEPLOYMENT_TARGET = 5.1;
				PRODUCT_NAME = "$(TARGET_NAME)";
				WRAPPER_EXTENSION = app;
			};
			name = Release;
		};
		4CD06B7916FDEEC100C9DED3 /* Debug */ = {
			isa = XCBuildConfiguration;
			buildSettings = {
				FRAMEWORK_SEARCH_PATHS = (
					"\"$(SDKROOT)/Developer/Library/Frameworks\"",
					"\"$(DEVELOPER_LIBRARY_DIR)/Frameworks\"",
				);
				GCC_PRECOMPILE_PREFIX_HEADER = YES;
				GCC_PREFIX_HEADER = "arcTests/arcTests-Prefix.pch";
				GCC_PREPROCESSOR_DEFINITIONS = (
					"DEBUG=1",
					"$(inherited)",
				);
				INFOPLIST_FILE = "arcTests/arcTests-Info.plist";
				IPHONEOS_DEPLOYMENT_TARGET = 6.1;
				PRODUCT_NAME = "$(TARGET_NAME)";
				WRAPPER_EXTENSION = octest;
			};
			name = Debug;
		};
		4CD06B7A16FDEEC100C9DED3 /* Release */ = {
			isa = XCBuildConfiguration;
			buildSettings = {
				FRAMEWORK_SEARCH_PATHS = (
					"\"$(SDKROOT)/Developer/Library/Frameworks\"",
					"\"$(DEVELOPER_LIBRARY_DIR)/Frameworks\"",
				);
				GCC_PRECOMPILE_PREFIX_HEADER = YES;
				GCC_PREFIX_HEADER = "arcTests/arcTests-Prefix.pch";
				INFOPLIST_FILE = "arcTests/arcTests-Info.plist";
				IPHONEOS_DEPLOYMENT_TARGET = 6.1;
				PRODUCT_NAME = "$(TARGET_NAME)";
				WRAPPER_EXTENSION = octest;
			};
			name = Release;
		};
/* End XCBuildConfiguration section */

/* Begin XCConfigurationList section */
		4C43F8E416F86AA800159B29 /* Build configuration list for PBXProject "arc" */ = {
			isa = XCConfigurationList;
			buildConfigurations = (
				4C43F90916F86AA900159B29 /* Debug */,
				4C43F90A16F86AA900159B29 /* Release */,
			);
			defaultConfigurationIsVisible = 0;
			defaultConfigurationName = Release;
		};
		4C43F90B16F86AA900159B29 /* Build configuration list for PBXNativeTarget "arc" */ = {
			isa = XCConfigurationList;
			buildConfigurations = (
				4C43F90C16F86AA900159B29 /* Debug */,
				4C43F90D16F86AA900159B29 /* Release */,
			);
			defaultConfigurationIsVisible = 0;
			defaultConfigurationName = Release;
		};
		4CD06B7B16FDEEC100C9DED3 /* Build configuration list for PBXNativeTarget "arcTests" */ = {
			isa = XCConfigurationList;
			buildConfigurations = (
				4CD06B7916FDEEC100C9DED3 /* Debug */,
				4CD06B7A16FDEEC100C9DED3 /* Release */,
			);
			defaultConfigurationIsVisible = 0;
			defaultConfigurationName = Release;
		};
/* End XCConfigurationList section */

/* Begin XCVersionGroup section */
		4C43F90616F86AA900159B29 /* arc.xcdatamodeld */ = {
			isa = XCVersionGroup;
			children = (
				4C43F90716F86AA900159B29 /* arc.xcdatamodel */,
			);
			currentVersion = 4C43F90716F86AA900159B29 /* arc.xcdatamodel */;
			path = arc.xcdatamodeld;
			sourceTree = "<group>";
			versionGroupType = wrapper.xcdatamodel;
		};
/* End XCVersionGroup section */
	};
	rootObject = 4C43F8E116F86AA800159B29 /* Project object */;
}
